
Microsoft Visual Studio Solution File, Format Version 12.00
# Visual Studio 15
VisualStudioVersion = 15.0.28307.757
MinimumVisualStudioVersion = 10.0.40219.1
Project("{FAE04EC0-301F-11D3-BF4B-00C04F79EFBC}") = "SDRSharp.Rtl_433_Plugin", "Rtl_433_Plugin\SDRSharp.Rtl_433_Plugin.csproj", "{41C6CC2E-5F1D-4BFC-9676-381AD488FCD6}"
	ProjectSection(ProjectDependencies) = postProject
		{0C0A1F4D-1363-4544-A7C5-196C76D26CCA} = {0C0A1F4D-1363-4544-A7C5-196C76D26CCA}
		{7EB4B17A-2185-47A5-8170-ACDC7EA30515} = {7EB4B17A-2185-47A5-8170-ACDC7EA30515}
	EndProjectSection
EndProject
Project("{8BC9CEB8-8B4A-11D0-8D11-00A0C91BC942}") = "rtl_433", "rtl_433_dll\vs17_dll_plugin\rtl_433.vcxproj", "{7EB4B17A-2185-47A5-8170-ACDC7EA30515}"
EndProject
Project("{FAE04EC0-301F-11D3-BF4B-00C04F79EFBC}") = "GraphLib", "GraphDisplay\GraphLib\GraphLib.csproj", "{0C0A1F4D-1363-4544-A7C5-196C76D26CCA}"
EndProject
Global
	GlobalSection(SolutionConfigurationPlatforms) = preSolution
		debug_framework|Any CPU = debug_framework|Any CPU
		debug_framework|x64 = debug_framework|x64
		debug_framework|x86 = debug_framework|x86
		debug_V1632|Any CPU = debug_V1632|Any CPU
		debug_V1632|x64 = debug_V1632|x64
		debug_V1632|x86 = debug_V1632|x86
		Debug_x32|Any CPU = Debug_x32|Any CPU
		Debug_x32|x64 = Debug_x32|x64
		Debug_x32|x86 = Debug_x32|x86
		Debug_x64|Any CPU = Debug_x64|Any CPU
		Debug_x64|x64 = Debug_x64|x64
		Debug_x64|x86 = Debug_x64|x86
		release_V1632|Any CPU = release_V1632|Any CPU
		release_V1632|x64 = release_V1632|x64
		release_V1632|x86 = release_V1632|x86
		Release_x32|Any CPU = Release_x32|Any CPU
		Release_x32|x64 = Release_x32|x64
		Release_x32|x86 = Release_x32|x86
		Release_x64|Any CPU = Release_x64|Any CPU
		Release_x64|x64 = Release_x64|x64
		Release_x64|x86 = Release_x64|x86
	EndGlobalSection
	GlobalSection(ProjectConfigurationPlatforms) = postSolution
		{41C6CC2E-5F1D-4BFC-9676-381AD488FCD6}.debug_framework|Any CPU.ActiveCfg = debug_framework|Any CPU
		{41C6CC2E-5F1D-4BFC-9676-381AD488FCD6}.debug_framework|Any CPU.Build.0 = debug_framework|Any CPU
		{41C6CC2E-5F1D-4BFC-9676-381AD488FCD6}.debug_framework|x64.ActiveCfg = debug_framework|Any CPU
		{41C6CC2E-5F1D-4BFC-9676-381AD488FCD6}.debug_framework|x64.Build.0 = debug_framework|Any CPU
		{41C6CC2E-5F1D-4BFC-9676-381AD488FCD6}.debug_framework|x86.ActiveCfg = debug_framework|Any CPU
		{41C6CC2E-5F1D-4BFC-9676-381AD488FCD6}.debug_framework|x86.Build.0 = debug_framework|Any CPU
		{41C6CC2E-5F1D-4BFC-9676-381AD488FCD6}.debug_V1632|Any CPU.ActiveCfg = debug_V1632|Any CPU
		{41C6CC2E-5F1D-4BFC-9676-381AD488FCD6}.debug_V1632|Any CPU.Build.0 = debug_V1632|Any CPU
		{41C6CC2E-5F1D-4BFC-9676-381AD488FCD6}.debug_V1632|x64.ActiveCfg = debug_V1632|Any CPU
		{41C6CC2E-5F1D-4BFC-9676-381AD488FCD6}.debug_V1632|x64.Build.0 = debug_V1632|Any CPU
		{41C6CC2E-5F1D-4BFC-9676-381AD488FCD6}.debug_V1632|x86.ActiveCfg = debug_V1632|Any CPU
		{41C6CC2E-5F1D-4BFC-9676-381AD488FCD6}.debug_V1632|x86.Build.0 = debug_V1632|Any CPU
		{41C6CC2E-5F1D-4BFC-9676-381AD488FCD6}.Debug_x32|Any CPU.ActiveCfg = Debug_x32|Any CPU
		{41C6CC2E-5F1D-4BFC-9676-381AD488FCD6}.Debug_x32|Any CPU.Build.0 = Debug_x32|Any CPU
		{41C6CC2E-5F1D-4BFC-9676-381AD488FCD6}.Debug_x32|x64.ActiveCfg = Debug_x32|Any CPU
		{41C6CC2E-5F1D-4BFC-9676-381AD488FCD6}.Debug_x32|x64.Build.0 = Debug_x32|Any CPU
		{41C6CC2E-5F1D-4BFC-9676-381AD488FCD6}.Debug_x32|x86.ActiveCfg = Debug_x32|Any CPU
		{41C6CC2E-5F1D-4BFC-9676-381AD488FCD6}.Debug_x32|x86.Build.0 = Debug_x32|Any CPU
		{41C6CC2E-5F1D-4BFC-9676-381AD488FCD6}.Debug_x64|Any CPU.ActiveCfg = Debug_x64|Any CPU
		{41C6CC2E-5F1D-4BFC-9676-381AD488FCD6}.Debug_x64|Any CPU.Build.0 = Debug_x64|Any CPU
		{41C6CC2E-5F1D-4BFC-9676-381AD488FCD6}.Debug_x64|x64.ActiveCfg = Debug_x64|Any CPU
		{41C6CC2E-5F1D-4BFC-9676-381AD488FCD6}.Debug_x64|x64.Build.0 = Debug_x64|Any CPU
		{41C6CC2E-5F1D-4BFC-9676-381AD488FCD6}.Debug_x64|x86.ActiveCfg = Debug_x64|Any CPU
		{41C6CC2E-5F1D-4BFC-9676-381AD488FCD6}.Debug_x64|x86.Build.0 = Debug_x64|Any CPU
		{41C6CC2E-5F1D-4BFC-9676-381AD488FCD6}.release_V1632|Any CPU.ActiveCfg = release_V1632|Any CPU
		{41C6CC2E-5F1D-4BFC-9676-381AD488FCD6}.release_V1632|Any CPU.Build.0 = release_V1632|Any CPU
		{41C6CC2E-5F1D-4BFC-9676-381AD488FCD6}.release_V1632|x64.ActiveCfg = release_V1632|Any CPU
		{41C6CC2E-5F1D-4BFC-9676-381AD488FCD6}.release_V1632|x64.Build.0 = release_V1632|Any CPU
		{41C6CC2E-5F1D-4BFC-9676-381AD488FCD6}.release_V1632|x86.ActiveCfg = release_V1632|Any CPU
		{41C6CC2E-5F1D-4BFC-9676-381AD488FCD6}.release_V1632|x86.Build.0 = release_V1632|Any CPU
		{41C6CC2E-5F1D-4BFC-9676-381AD488FCD6}.Release_x32|Any CPU.ActiveCfg = Release_x32|Any CPU
		{41C6CC2E-5F1D-4BFC-9676-381AD488FCD6}.Release_x32|Any CPU.Build.0 = Release_x32|Any CPU
		{41C6CC2E-5F1D-4BFC-9676-381AD488FCD6}.Release_x32|x64.ActiveCfg = Release_x32|Any CPU
		{41C6CC2E-5F1D-4BFC-9676-381AD488FCD6}.Release_x32|x64.Build.0 = Release_x32|Any CPU
		{41C6CC2E-5F1D-4BFC-9676-381AD488FCD6}.Release_x32|x86.ActiveCfg = Release_x32|Any CPU
		{41C6CC2E-5F1D-4BFC-9676-381AD488FCD6}.Release_x32|x86.Build.0 = Release_x32|Any CPU
		{41C6CC2E-5F1D-4BFC-9676-381AD488FCD6}.Release_x64|Any CPU.ActiveCfg = Release_x64|Any CPU
		{41C6CC2E-5F1D-4BFC-9676-381AD488FCD6}.Release_x64|Any CPU.Build.0 = Release_x64|Any CPU
		{41C6CC2E-5F1D-4BFC-9676-381AD488FCD6}.Release_x64|x64.ActiveCfg = Release_x64|Any CPU
		{41C6CC2E-5F1D-4BFC-9676-381AD488FCD6}.Release_x64|x64.Build.0 = Release_x64|Any CPU
		{41C6CC2E-5F1D-4BFC-9676-381AD488FCD6}.Release_x64|x86.ActiveCfg = Release_x64|Any CPU
		{41C6CC2E-5F1D-4BFC-9676-381AD488FCD6}.Release_x64|x86.Build.0 = Release_x64|Any CPU
		{7EB4B17A-2185-47A5-8170-ACDC7EA30515}.debug_framework|Any CPU.ActiveCfg = debug_framework|Win32
		{7EB4B17A-2185-47A5-8170-ACDC7EA30515}.debug_framework|Any CPU.Build.0 = debug_framework|Win32
		{7EB4B17A-2185-47A5-8170-ACDC7EA30515}.debug_framework|x64.ActiveCfg = debug_framework|x64
		{7EB4B17A-2185-47A5-8170-ACDC7EA30515}.debug_framework|x64.Build.0 = debug_framework|x64
		{7EB4B17A-2185-47A5-8170-ACDC7EA30515}.debug_framework|x86.ActiveCfg = debug_framework|Win32
		{7EB4B17A-2185-47A5-8170-ACDC7EA30515}.debug_framework|x86.Build.0 = debug_framework|Win32
		{7EB4B17A-2185-47A5-8170-ACDC7EA30515}.debug_V1632|Any CPU.ActiveCfg = debug_V1632|Win32
		{7EB4B17A-2185-47A5-8170-ACDC7EA30515}.debug_V1632|Any CPU.Build.0 = debug_V1632|Win32
		{7EB4B17A-2185-47A5-8170-ACDC7EA30515}.debug_V1632|x64.ActiveCfg = debug_V1632|x64
		{7EB4B17A-2185-47A5-8170-ACDC7EA30515}.debug_V1632|x64.Build.0 = debug_V1632|x64
		{7EB4B17A-2185-47A5-8170-ACDC7EA30515}.debug_V1632|x86.ActiveCfg = debug_V1632|Win32
		{7EB4B17A-2185-47A5-8170-ACDC7EA30515}.debug_V1632|x86.Build.0 = debug_V1632|Win32
		{7EB4B17A-2185-47A5-8170-ACDC7EA30515}.Debug_x32|Any CPU.ActiveCfg = Debug_x32|Win32
		{7EB4B17A-2185-47A5-8170-ACDC7EA30515}.Debug_x32|Any CPU.Build.0 = Debug_x32|Win32
		{7EB4B17A-2185-47A5-8170-ACDC7EA30515}.Debug_x32|x64.ActiveCfg = Debug_x32|Win32
		{7EB4B17A-2185-47A5-8170-ACDC7EA30515}.Debug_x32|x64.Build.0 = Debug_x32|Win32
		{7EB4B17A-2185-47A5-8170-ACDC7EA30515}.Debug_x32|x86.ActiveCfg = Debug_x32|Win32
		{7EB4B17A-2185-47A5-8170-ACDC7EA30515}.Debug_x32|x86.Build.0 = Debug_x32|Win32
		{7EB4B17A-2185-47A5-8170-ACDC7EA30515}.Debug_x64|Any CPU.ActiveCfg = Debug_x64|x64
		{7EB4B17A-2185-47A5-8170-ACDC7EA30515}.Debug_x64|Any CPU.Build.0 = Debug_x64|x64
		{7EB4B17A-2185-47A5-8170-ACDC7EA30515}.Debug_x64|x64.ActiveCfg = Debug_x64|x64
		{7EB4B17A-2185-47A5-8170-ACDC7EA30515}.Debug_x64|x64.Build.0 = Debug_x64|x64
		{7EB4B17A-2185-47A5-8170-ACDC7EA30515}.Debug_x64|x86.ActiveCfg = Debug_x64|x64
		{7EB4B17A-2185-47A5-8170-ACDC7EA30515}.release_V1632|Any CPU.ActiveCfg = release_V1632|Win32
		{7EB4B17A-2185-47A5-8170-ACDC7EA30515}.release_V1632|Any CPU.Build.0 = release_V1632|Win32
		{7EB4B17A-2185-47A5-8170-ACDC7EA30515}.release_V1632|x64.ActiveCfg = release_V1632|x64
		{7EB4B17A-2185-47A5-8170-ACDC7EA30515}.release_V1632|x64.Build.0 = release_V1632|x64
		{7EB4B17A-2185-47A5-8170-ACDC7EA30515}.release_V1632|x86.ActiveCfg = release_V1632|Win32
		{7EB4B17A-2185-47A5-8170-ACDC7EA30515}.release_V1632|x86.Build.0 = release_V1632|Win32
		{7EB4B17A-2185-47A5-8170-ACDC7EA30515}.Release_x32|Any CPU.ActiveCfg = Release_x32|Win32
		{7EB4B17A-2185-47A5-8170-ACDC7EA30515}.Release_x32|Any CPU.Build.0 = Release_x32|Win32
		{7EB4B17A-2185-47A5-8170-ACDC7EA30515}.Release_x32|x64.ActiveCfg = Release_x32|Win32
		{7EB4B17A-2185-47A5-8170-ACDC7EA30515}.Release_x32|x64.Build.0 = Release_x32|Win32
		{7EB4B17A-2185-47A5-8170-ACDC7EA30515}.Release_x32|x86.ActiveCfg = Release_x32|Win32
		{7EB4B17A-2185-47A5-8170-ACDC7EA30515}.Release_x32|x86.Build.0 = Release_x32|Win32
		{7EB4B17A-2185-47A5-8170-ACDC7EA30515}.Release_x64|Any CPU.ActiveCfg = Release_x64|x64
		{7EB4B17A-2185-47A5-8170-ACDC7EA30515}.Release_x64|Any CPU.Build.0 = Release_x64|x64
		{7EB4B17A-2185-47A5-8170-ACDC7EA30515}.Release_x64|x64.ActiveCfg = Release_x64|x64
		{7EB4B17A-2185-47A5-8170-ACDC7EA30515}.Release_x64|x64.Build.0 = Release_x64|x64
		{7EB4B17A-2185-47A5-8170-ACDC7EA30515}.Release_x64|x86.ActiveCfg = Release_x64|x64
		{0C0A1F4D-1363-4544-A7C5-196C76D26CCA}.debug_framework|Any CPU.ActiveCfg = debug_framework|Any CPU
		{0C0A1F4D-1363-4544-A7C5-196C76D26CCA}.debug_framework|Any CPU.Build.0 = debug_framework|Any CPU
		{0C0A1F4D-1363-4544-A7C5-196C76D26CCA}.debug_framework|x64.ActiveCfg = debug_framework|Any CPU
		{0C0A1F4D-1363-4544-A7C5-196C76D26CCA}.debug_framework|x64.Build.0 = debug_framework|Any CPU
		{0C0A1F4D-1363-4544-A7C5-196C76D26CCA}.debug_framework|x86.ActiveCfg = debug_framework|Any CPU
		{0C0A1F4D-1363-4544-A7C5-196C76D26CCA}.debug_framework|x86.Build.0 = debug_framework|Any CPU
		{0C0A1F4D-1363-4544-A7C5-196C76D26CCA}.debug_V1632|Any CPU.ActiveCfg = debug_V1632|Any CPU
		{0C0A1F4D-1363-4544-A7C5-196C76D26CCA}.debug_V1632|Any CPU.Build.0 = debug_V1632|Any CPU
		{0C0A1F4D-1363-4544-A7C5-196C76D26CCA}.debug_V1632|x64.ActiveCfg = debug_V1632|Any CPU
		{0C0A1F4D-1363-4544-A7C5-196C76D26CCA}.debug_V1632|x64.Build.0 = debug_V1632|Any CPU
		{0C0A1F4D-1363-4544-A7C5-196C76D26CCA}.debug_V1632|x86.ActiveCfg = debug_V1632|Any CPU
		{0C0A1F4D-1363-4544-A7C5-196C76D26CCA}.debug_V1632|x86.Build.0 = debug_V1632|Any CPU
		{0C0A1F4D-1363-4544-A7C5-196C76D26CCA}.Debug_x32|Any CPU.ActiveCfg = Debug_x32|Any CPU
		{0C0A1F4D-1363-4544-A7C5-196C76D26CCA}.Debug_x32|Any CPU.Build.0 = Debug_x32|Any CPU
		{0C0A1F4D-1363-4544-A7C5-196C76D26CCA}.Debug_x32|x64.ActiveCfg = Debug_x32|Any CPU
		{0C0A1F4D-1363-4544-A7C5-196C76D26CCA}.Debug_x32|x64.Build.0 = Debug_x32|Any CPU
		{0C0A1F4D-1363-4544-A7C5-196C76D26CCA}.Debug_x32|x86.ActiveCfg = Debug_x32|Any CPU
		{0C0A1F4D-1363-4544-A7C5-196C76D26CCA}.Debug_x32|x86.Build.0 = Debug_x32|Any CPU
		{0C0A1F4D-1363-4544-A7C5-196C76D26CCA}.Debug_x64|Any CPU.ActiveCfg = Debug_x64|Any CPU
		{0C0A1F4D-1363-4544-A7C5-196C76D26CCA}.Debug_x64|Any CPU.Build.0 = Debug_x64|Any CPU
		{0C0A1F4D-1363-4544-A7C5-196C76D26CCA}.Debug_x64|x64.ActiveCfg = Debug_x64|Any CPU
		{0C0A1F4D-1363-4544-A7C5-196C76D26CCA}.Debug_x64|x64.Build.0 = Debug_x64|Any CPU
		{0C0A1F4D-1363-4544-A7C5-196C76D26CCA}.Debug_x64|x86.ActiveCfg = Debug_x64|Any CPU
		{0C0A1F4D-1363-4544-A7C5-196C76D26CCA}.Debug_x64|x86.Build.0 = Debug_x64|Any CPU
		{0C0A1F4D-1363-4544-A7C5-196C76D26CCA}.release_V1632|Any CPU.ActiveCfg = release_V1632|Any CPU
		{0C0A1F4D-1363-4544-A7C5-196C76D26CCA}.release_V1632|Any CPU.Build.0 = release_V1632|Any CPU
		{0C0A1F4D-1363-4544-A7C5-196C76D26CCA}.release_V1632|x64.ActiveCfg = release_V1632|Any CPU
		{0C0A1F4D-1363-4544-A7C5-196C76D26CCA}.release_V1632|x64.Build.0 = release_V1632|Any CPU
		{0C0A1F4D-1363-4544-A7C5-196C76D26CCA}.release_V1632|x86.ActiveCfg = release_V1632|Any CPU
		{0C0A1F4D-1363-4544-A7C5-196C76D26CCA}.release_V1632|x86.Build.0 = release_V1632|Any CPU
		{0C0A1F4D-1363-4544-A7C5-196C76D26CCA}.Release_x32|Any CPU.ActiveCfg = Release_x32|Any CPU
		{0C0A1F4D-1363-4544-A7C5-196C76D26CCA}.Release_x32|Any CPU.Build.0 = Release_x32|Any CPU
		{0C0A1F4D-1363-4544-A7C5-196C76D26CCA}.Release_x32|x64.ActiveCfg = Release_x32|Any CPU
		{0C0A1F4D-1363-4544-A7C5-196C76D26CCA}.Release_x32|x64.Build.0 = Release_x32|Any CPU
		{0C0A1F4D-1363-4544-A7C5-196C76D26CCA}.Release_x32|x86.ActiveCfg = Release_x64|Any CPU
		{0C0A1F4D-1363-4544-A7C5-196C76D26CCA}.Release_x32|x86.Build.0 = Release_x64|Any CPU
		{0C0A1F4D-1363-4544-A7C5-196C76D26CCA}.Release_x64|Any CPU.ActiveCfg = Release_x64|Any CPU
		{0C0A1F4D-1363-4544-A7C5-196C76D26CCA}.Release_x64|Any CPU.Build.0 = Release_x64|Any CPU
		{0C0A1F4D-1363-4544-A7C5-196C76D26CCA}.Release_x64|x64.ActiveCfg = Release_x64|Any CPU
		{0C0A1F4D-1363-4544-A7C5-196C76D26CCA}.Release_x64|x64.Build.0 = Release_x64|Any CPU
		{0C0A1F4D-1363-4544-A7C5-196C76D26CCA}.Release_x64|x86.ActiveCfg = Release_x64|Any CPU
		{0C0A1F4D-1363-4544-A7C5-196C76D26CCA}.Release_x64|x86.Build.0 = Release_x64|Any CPU
	EndGlobalSection
	GlobalSection(SolutionProperties) = preSolution
		HideSolutionNode = FALSE
	EndGlobalSection
	GlobalSection(ExtensibilityGlobals) = postSolution
		SolutionGuid = {379FF569-D44F-4EE1-9196-41EA04C154C2}
	EndGlobalSection
	GlobalSection(Performance) = preSolution
		HasPerformanceSessions = true
	EndGlobalSection
	GlobalSection(Performance) = preSolution
		HasPerformanceSessions = true
	EndGlobalSection
EndGlobal
