
Microsoft Visual Studio Solution File, Format Version 12.00
# Visual Studio 15
VisualStudioVersion = 15.0.27428.2015
MinimumVisualStudioVersion = 10.0.40219.1
Project("{FAE04EC0-301F-11D3-BF4B-00C04F79EFBC}") = "SDRSharp.Rtl_433_Plugin", "Rtl_433_Plugin\SDRSharp.Rtl_433_Plugin.csproj", "{41C6CC2E-5F1D-4BFC-9676-381AD488FCD6}"
EndProject
Project("{8BC9CEB8-8B4A-11D0-8D11-00A0C91BC942}") = "rtl_433", "rtl_433_dll\vs17_dll_plugin\rtl_433.vcxproj", "{7EB4B17A-2185-47A5-8170-ACDC7EA30515}"
EndProject
Project("{FAE04EC0-301F-11D3-BF4B-00C04F79EFBC}") = "GraphLib", "GraphDisplay\GraphLib\GraphLib.csproj", "{0C0A1F4D-1363-4544-A7C5-196C76D26CCA}"
EndProject
Global
	GlobalSection(SolutionConfigurationPlatforms) = preSolution
		debug_1788_c|Any CPU = debug_1788_c|Any CPU
		debug_1788_c|x64 = debug_1788_c|x64
		debug_1788_c|x86 = debug_1788_c|x86
		debug_1788|Any CPU = debug_1788|Any CPU
		debug_1788|x64 = debug_1788|x64
		debug_1788|x86 = debug_1788|x86
		debug_light_local|Any CPU = debug_light_local|Any CPU
		debug_light_local|x64 = debug_light_local|x64
		debug_light_local|x86 = debug_light_local|x86
		debug_light|Any CPU = debug_light|Any CPU
		debug_light|x64 = debug_light|x64
		debug_light|x86 = debug_light|x86
		Debug|Any CPU = Debug|Any CPU
		Debug|x64 = Debug|x64
		Debug|x86 = Debug|x86
		Release|Any CPU = Release|Any CPU
		Release|x64 = Release|x64
		Release|x86 = Release|x86
	EndGlobalSection
	GlobalSection(ProjectConfigurationPlatforms) = postSolution
		{41C6CC2E-5F1D-4BFC-9676-381AD488FCD6}.debug_1788_c|Any CPU.ActiveCfg = debug_1788|Any CPU
		{41C6CC2E-5F1D-4BFC-9676-381AD488FCD6}.debug_1788_c|Any CPU.Build.0 = debug_1788|Any CPU
		{41C6CC2E-5F1D-4BFC-9676-381AD488FCD6}.debug_1788_c|x64.ActiveCfg = debug_1788|Any CPU
		{41C6CC2E-5F1D-4BFC-9676-381AD488FCD6}.debug_1788_c|x64.Build.0 = debug_1788|Any CPU
		{41C6CC2E-5F1D-4BFC-9676-381AD488FCD6}.debug_1788_c|x86.ActiveCfg = debug_1788|Any CPU
		{41C6CC2E-5F1D-4BFC-9676-381AD488FCD6}.debug_1788_c|x86.Build.0 = debug_1788|Any CPU
		{41C6CC2E-5F1D-4BFC-9676-381AD488FCD6}.debug_1788|Any CPU.ActiveCfg = debug_1788|Any CPU
		{41C6CC2E-5F1D-4BFC-9676-381AD488FCD6}.debug_1788|Any CPU.Build.0 = debug_1788|Any CPU
		{41C6CC2E-5F1D-4BFC-9676-381AD488FCD6}.debug_1788|x64.ActiveCfg = debug_1788|Any CPU
		{41C6CC2E-5F1D-4BFC-9676-381AD488FCD6}.debug_1788|x64.Build.0 = debug_1788|Any CPU
		{41C6CC2E-5F1D-4BFC-9676-381AD488FCD6}.debug_1788|x86.ActiveCfg = debug_1788|Any CPU
		{41C6CC2E-5F1D-4BFC-9676-381AD488FCD6}.debug_1788|x86.Build.0 = debug_1788|Any CPU
		{41C6CC2E-5F1D-4BFC-9676-381AD488FCD6}.debug_light_local|Any CPU.ActiveCfg = debug_light_local|Any CPU
		{41C6CC2E-5F1D-4BFC-9676-381AD488FCD6}.debug_light_local|Any CPU.Build.0 = debug_light_local|Any CPU
		{41C6CC2E-5F1D-4BFC-9676-381AD488FCD6}.debug_light_local|x64.ActiveCfg = debug_light_local|Any CPU
		{41C6CC2E-5F1D-4BFC-9676-381AD488FCD6}.debug_light_local|x64.Build.0 = debug_light_local|Any CPU
		{41C6CC2E-5F1D-4BFC-9676-381AD488FCD6}.debug_light_local|x86.ActiveCfg = debug_light_local|Any CPU
		{41C6CC2E-5F1D-4BFC-9676-381AD488FCD6}.debug_light_local|x86.Build.0 = debug_light_local|Any CPU
		{41C6CC2E-5F1D-4BFC-9676-381AD488FCD6}.debug_light|Any CPU.ActiveCfg = debug_light_local|Any CPU
		{41C6CC2E-5F1D-4BFC-9676-381AD488FCD6}.debug_light|Any CPU.Build.0 = debug_light_local|Any CPU
		{41C6CC2E-5F1D-4BFC-9676-381AD488FCD6}.debug_light|x64.ActiveCfg = debug_light_local|Any CPU
		{41C6CC2E-5F1D-4BFC-9676-381AD488FCD6}.debug_light|x64.Build.0 = debug_light_local|Any CPU
		{41C6CC2E-5F1D-4BFC-9676-381AD488FCD6}.debug_light|x86.ActiveCfg = debug_light_local|Any CPU
		{41C6CC2E-5F1D-4BFC-9676-381AD488FCD6}.debug_light|x86.Build.0 = debug_light_local|Any CPU
		{41C6CC2E-5F1D-4BFC-9676-381AD488FCD6}.Debug|Any CPU.ActiveCfg = Debug|Any CPU
		{41C6CC2E-5F1D-4BFC-9676-381AD488FCD6}.Debug|Any CPU.Build.0 = Debug|Any CPU
		{41C6CC2E-5F1D-4BFC-9676-381AD488FCD6}.Debug|x64.ActiveCfg = Debug|Any CPU
		{41C6CC2E-5F1D-4BFC-9676-381AD488FCD6}.Debug|x64.Build.0 = Debug|Any CPU
		{41C6CC2E-5F1D-4BFC-9676-381AD488FCD6}.Debug|x86.ActiveCfg = Debug|Any CPU
		{41C6CC2E-5F1D-4BFC-9676-381AD488FCD6}.Debug|x86.Build.0 = Debug|Any CPU
		{41C6CC2E-5F1D-4BFC-9676-381AD488FCD6}.Release|Any CPU.ActiveCfg = Release|Any CPU
		{41C6CC2E-5F1D-4BFC-9676-381AD488FCD6}.Release|Any CPU.Build.0 = Release|Any CPU
		{41C6CC2E-5F1D-4BFC-9676-381AD488FCD6}.Release|x64.ActiveCfg = Release|Any CPU
		{41C6CC2E-5F1D-4BFC-9676-381AD488FCD6}.Release|x64.Build.0 = Release|Any CPU
		{41C6CC2E-5F1D-4BFC-9676-381AD488FCD6}.Release|x86.ActiveCfg = Release|Any CPU
		{41C6CC2E-5F1D-4BFC-9676-381AD488FCD6}.Release|x86.Build.0 = Release|Any CPU
		{7EB4B17A-2185-47A5-8170-ACDC7EA30515}.debug_1788_c|Any CPU.ActiveCfg = debug_1788_c|Win32
		{7EB4B17A-2185-47A5-8170-ACDC7EA30515}.debug_1788_c|x64.ActiveCfg = debug_1788_c|x64
		{7EB4B17A-2185-47A5-8170-ACDC7EA30515}.debug_1788_c|x64.Build.0 = debug_1788_c|x64
		{7EB4B17A-2185-47A5-8170-ACDC7EA30515}.debug_1788_c|x86.ActiveCfg = debug_1788_c|Win32
		{7EB4B17A-2185-47A5-8170-ACDC7EA30515}.debug_1788_c|x86.Build.0 = debug_1788_c|Win32
		{7EB4B17A-2185-47A5-8170-ACDC7EA30515}.debug_1788|Any CPU.ActiveCfg = Debug|Win32
		{7EB4B17A-2185-47A5-8170-ACDC7EA30515}.debug_1788|Any CPU.Build.0 = Debug|Win32
		{7EB4B17A-2185-47A5-8170-ACDC7EA30515}.debug_1788|x64.ActiveCfg = Debug|x64
		{7EB4B17A-2185-47A5-8170-ACDC7EA30515}.debug_1788|x64.Build.0 = Debug|x64
		{7EB4B17A-2185-47A5-8170-ACDC7EA30515}.debug_1788|x86.ActiveCfg = Debug|Win32
		{7EB4B17A-2185-47A5-8170-ACDC7EA30515}.debug_1788|x86.Build.0 = Debug|Win32
		{7EB4B17A-2185-47A5-8170-ACDC7EA30515}.debug_light_local|Any CPU.ActiveCfg = Release|x64
		{7EB4B17A-2185-47A5-8170-ACDC7EA30515}.debug_light_local|Any CPU.Build.0 = Release|x64
		{7EB4B17A-2185-47A5-8170-ACDC7EA30515}.debug_light_local|x64.ActiveCfg = Debug|x64
		{7EB4B17A-2185-47A5-8170-ACDC7EA30515}.debug_light_local|x64.Build.0 = Debug|x64
		{7EB4B17A-2185-47A5-8170-ACDC7EA30515}.debug_light_local|x86.ActiveCfg = Debug|Win32
		{7EB4B17A-2185-47A5-8170-ACDC7EA30515}.debug_light_local|x86.Build.0 = Debug|Win32
		{7EB4B17A-2185-47A5-8170-ACDC7EA30515}.debug_light|Any CPU.ActiveCfg = Release|Win32
		{7EB4B17A-2185-47A5-8170-ACDC7EA30515}.debug_light|Any CPU.Build.0 = Release|Win32
		{7EB4B17A-2185-47A5-8170-ACDC7EA30515}.debug_light|x64.ActiveCfg = Debug|x64
		{7EB4B17A-2185-47A5-8170-ACDC7EA30515}.debug_light|x64.Build.0 = Debug|x64
		{7EB4B17A-2185-47A5-8170-ACDC7EA30515}.debug_light|x86.ActiveCfg = Debug|Win32
		{7EB4B17A-2185-47A5-8170-ACDC7EA30515}.debug_light|x86.Build.0 = Debug|Win32
		{7EB4B17A-2185-47A5-8170-ACDC7EA30515}.Debug|Any CPU.ActiveCfg = Debug|Win32
		{7EB4B17A-2185-47A5-8170-ACDC7EA30515}.Debug|x64.ActiveCfg = Debug|x64
		{7EB4B17A-2185-47A5-8170-ACDC7EA30515}.Debug|x64.Build.0 = Debug|x64
		{7EB4B17A-2185-47A5-8170-ACDC7EA30515}.Debug|x86.ActiveCfg = Debug|Win32
		{7EB4B17A-2185-47A5-8170-ACDC7EA30515}.Debug|x86.Build.0 = Debug|Win32
		{7EB4B17A-2185-47A5-8170-ACDC7EA30515}.Release|Any CPU.ActiveCfg = Release|Win32
		{7EB4B17A-2185-47A5-8170-ACDC7EA30515}.Release|x64.ActiveCfg = Release|x64
		{7EB4B17A-2185-47A5-8170-ACDC7EA30515}.Release|x64.Build.0 = Release|x64
		{7EB4B17A-2185-47A5-8170-ACDC7EA30515}.Release|x86.ActiveCfg = Release|Win32
		{7EB4B17A-2185-47A5-8170-ACDC7EA30515}.Release|x86.Build.0 = Release|Win32
		{0C0A1F4D-1363-4544-A7C5-196C76D26CCA}.debug_1788_c|Any CPU.ActiveCfg = debug_1788|Any CPU
		{0C0A1F4D-1363-4544-A7C5-196C76D26CCA}.debug_1788_c|Any CPU.Build.0 = debug_1788|Any CPU
		{0C0A1F4D-1363-4544-A7C5-196C76D26CCA}.debug_1788_c|x64.ActiveCfg = debug_1788|Any CPU
		{0C0A1F4D-1363-4544-A7C5-196C76D26CCA}.debug_1788_c|x64.Build.0 = debug_1788|Any CPU
		{0C0A1F4D-1363-4544-A7C5-196C76D26CCA}.debug_1788_c|x86.ActiveCfg = debug_1788|Any CPU
		{0C0A1F4D-1363-4544-A7C5-196C76D26CCA}.debug_1788_c|x86.Build.0 = debug_1788|Any CPU
		{0C0A1F4D-1363-4544-A7C5-196C76D26CCA}.debug_1788|Any CPU.ActiveCfg = debug_1788|Any CPU
		{0C0A1F4D-1363-4544-A7C5-196C76D26CCA}.debug_1788|Any CPU.Build.0 = debug_1788|Any CPU
		{0C0A1F4D-1363-4544-A7C5-196C76D26CCA}.debug_1788|x64.ActiveCfg = debug_1788|Any CPU
		{0C0A1F4D-1363-4544-A7C5-196C76D26CCA}.debug_1788|x64.Build.0 = debug_1788|Any CPU
		{0C0A1F4D-1363-4544-A7C5-196C76D26CCA}.debug_1788|x86.ActiveCfg = debug_1788|Any CPU
		{0C0A1F4D-1363-4544-A7C5-196C76D26CCA}.debug_1788|x86.Build.0 = debug_1788|Any CPU
		{0C0A1F4D-1363-4544-A7C5-196C76D26CCA}.debug_light_local|Any CPU.ActiveCfg = Debug|Any CPU
		{0C0A1F4D-1363-4544-A7C5-196C76D26CCA}.debug_light_local|Any CPU.Build.0 = Debug|Any CPU
		{0C0A1F4D-1363-4544-A7C5-196C76D26CCA}.debug_light_local|x64.ActiveCfg = Debug|Any CPU
		{0C0A1F4D-1363-4544-A7C5-196C76D26CCA}.debug_light_local|x64.Build.0 = Debug|Any CPU
		{0C0A1F4D-1363-4544-A7C5-196C76D26CCA}.debug_light_local|x86.ActiveCfg = Debug|Any CPU
		{0C0A1F4D-1363-4544-A7C5-196C76D26CCA}.debug_light_local|x86.Build.0 = Debug|Any CPU
		{0C0A1F4D-1363-4544-A7C5-196C76D26CCA}.debug_light|Any CPU.ActiveCfg = Debug|Any CPU
		{0C0A1F4D-1363-4544-A7C5-196C76D26CCA}.debug_light|Any CPU.Build.0 = Debug|Any CPU
		{0C0A1F4D-1363-4544-A7C5-196C76D26CCA}.debug_light|x64.ActiveCfg = Debug|Any CPU
		{0C0A1F4D-1363-4544-A7C5-196C76D26CCA}.debug_light|x64.Build.0 = Debug|Any CPU
		{0C0A1F4D-1363-4544-A7C5-196C76D26CCA}.debug_light|x86.ActiveCfg = Debug|Any CPU
		{0C0A1F4D-1363-4544-A7C5-196C76D26CCA}.debug_light|x86.Build.0 = Debug|Any CPU
		{0C0A1F4D-1363-4544-A7C5-196C76D26CCA}.Debug|Any CPU.ActiveCfg = Debug|Any CPU
		{0C0A1F4D-1363-4544-A7C5-196C76D26CCA}.Debug|Any CPU.Build.0 = Debug|Any CPU
		{0C0A1F4D-1363-4544-A7C5-196C76D26CCA}.Debug|x64.ActiveCfg = Debug|Any CPU
		{0C0A1F4D-1363-4544-A7C5-196C76D26CCA}.Debug|x64.Build.0 = Debug|Any CPU
		{0C0A1F4D-1363-4544-A7C5-196C76D26CCA}.Debug|x86.ActiveCfg = Debug|Any CPU
		{0C0A1F4D-1363-4544-A7C5-196C76D26CCA}.Debug|x86.Build.0 = Debug|Any CPU
		{0C0A1F4D-1363-4544-A7C5-196C76D26CCA}.Release|Any CPU.ActiveCfg = Release|Any CPU
		{0C0A1F4D-1363-4544-A7C5-196C76D26CCA}.Release|Any CPU.Build.0 = Release|Any CPU
		{0C0A1F4D-1363-4544-A7C5-196C76D26CCA}.Release|x64.ActiveCfg = Release|Any CPU
		{0C0A1F4D-1363-4544-A7C5-196C76D26CCA}.Release|x64.Build.0 = Release|Any CPU
		{0C0A1F4D-1363-4544-A7C5-196C76D26CCA}.Release|x86.ActiveCfg = Release|Any CPU
		{0C0A1F4D-1363-4544-A7C5-196C76D26CCA}.Release|x86.Build.0 = Release|Any CPU
	EndGlobalSection
	GlobalSection(SolutionProperties) = preSolution
		HideSolutionNode = FALSE
	EndGlobalSection
	GlobalSection(ExtensibilityGlobals) = postSolution
		SolutionGuid = {379FF569-D44F-4EE1-9196-41EA04C154C2}
	EndGlobalSection
EndGlobal
