
Microsoft Visual Studio Solution File, Format Version 12.00
# Visual Studio 15
VisualStudioVersion = 15.0.27428.2015
MinimumVisualStudioVersion = 10.0.40219.1
Project("{FAE04EC0-301F-11D3-BF4B-00C04F79EFBC}") = "SDRSharp", "SDRSharp\SDRSharp.csproj", "{4331A8D2-EF97-40C6-AE40-F1D8066B466C}"
EndProject
Project("{FAE04EC0-301F-11D3-BF4B-00C04F79EFBC}") = "SDRSharp.Radio", "SDRSharp.Radio\SDRSharp.Radio.csproj", "{A24DD927-34EF-4301-BDF3-42C872BC944E}"
EndProject
Project("{FAE04EC0-301F-11D3-BF4B-00C04F79EFBC}") = "SDRSharp.PanView", "SDRSharp.PanView\SDRSharp.PanView.csproj", "{040E3622-194B-4FA6-9CBB-1A22BD52A13D}"
EndProject
Project("{FAE04EC0-301F-11D3-BF4B-00C04F79EFBC}") = "SDRSharp.FrequencyEdit", "SDRSharp.FrequencyEdit\SDRSharp.FrequencyEdit.csproj", "{A50690CF-7A7A-4B31-9A03-B3A2AF0AF0E0}"
EndProject
Project("{FAE04EC0-301F-11D3-BF4B-00C04F79EFBC}") = "SDRSharp.Common", "SDRSharp.Common\SDRSharp.Common.csproj", "{E8BB1EAC-ED6B-4D5E-AA88-6A6CD961F37E}"
EndProject
Project("{FAE04EC0-301F-11D3-BF4B-00C04F79EFBC}") = "SDRSharp.CollapsiblePanel", "SDRSharp.CollapsiblePanel\SDRSharp.CollapsiblePanel.csproj", "{A5EFB9F9-6F99-4EBD-B5C9-3F68EFEFC823}"
EndProject
Project("{FAE04EC0-301F-11D3-BF4B-00C04F79EFBC}") = "SDRSharp.Rtl_433_Plugin", "Rtl_433_Plugin\SDRSharp.Rtl_433_Plugin.csproj", "{41C6CC2E-5F1D-4BFC-9676-381AD488FCD6}"
	ProjectSection(ProjectDependencies) = postProject
		{0C0A1F4D-1363-4544-A7C5-196C76D26CCA} = {0C0A1F4D-1363-4544-A7C5-196C76D26CCA}
		{7EB4B17A-2185-47A5-8170-ACDC7EA30515} = {7EB4B17A-2185-47A5-8170-ACDC7EA30515}
	EndProjectSection
EndProject
Project("{FAE04EC0-301F-11D3-BF4B-00C04F79EFBC}") = "GraphLib", "GraphDisplay\GraphLib\GraphLib.csproj", "{0C0A1F4D-1363-4544-A7C5-196C76D26CCA}"
EndProject
Project("{8BC9CEB8-8B4A-11D0-8D11-00A0C91BC942}") = "rtl_433", "rtl_433_dll\vs17_dll_plugin\rtl_433.vcxproj", "{7EB4B17A-2185-47A5-8170-ACDC7EA30515}"
EndProject
Global
	GlobalSection(SolutionConfigurationPlatforms) = preSolution
		Debug_light_1811|Any CPU = Debug_light_1811|Any CPU
		Debug_light_1811|x64 = Debug_light_1811|x64
		Debug_light_1811|x86 = Debug_light_1811|x86
		debug_V1602|Any CPU = debug_V1602|Any CPU
		debug_V1602|x64 = debug_V1602|x64
		debug_V1602|x86 = debug_V1602|x86
		Debug_x32|Any CPU = Debug_x32|Any CPU
		Debug_x32|x64 = Debug_x32|x64
		Debug_x32|x86 = Debug_x32|x86
		Debug_x64|Any CPU = Debug_x64|Any CPU
		Debug_x64|x64 = Debug_x64|x64
		Debug_x64|x86 = Debug_x64|x86
		Debug|Any CPU = Debug|Any CPU
		Debug|x64 = Debug|x64
		Debug|x86 = Debug|x86
		MinSizeRel|Any CPU = MinSizeRel|Any CPU
		MinSizeRel|x64 = MinSizeRel|x64
		MinSizeRel|x86 = MinSizeRel|x86
		Release_light_1811|Any CPU = Release_light_1811|Any CPU
		Release_light_1811|x64 = Release_light_1811|x64
		Release_light_1811|x86 = Release_light_1811|x86
		Release_x32|Any CPU = Release_x32|Any CPU
		Release_x32|x64 = Release_x32|x64
		Release_x32|x86 = Release_x32|x86
		Release_x64|Any CPU = Release_x64|Any CPU
		Release_x64|x64 = Release_x64|x64
		Release_x64|x86 = Release_x64|x86
		Release|Any CPU = Release|Any CPU
		Release|x64 = Release|x64
		Release|x86 = Release|x86
		RelWithDebInfo|Any CPU = RelWithDebInfo|Any CPU
		RelWithDebInfo|x64 = RelWithDebInfo|x64
		RelWithDebInfo|x86 = RelWithDebInfo|x86
	EndGlobalSection
	GlobalSection(ProjectConfigurationPlatforms) = postSolution
		{4331A8D2-EF97-40C6-AE40-F1D8066B466C}.Debug_light_1811|Any CPU.ActiveCfg = Debug_light_1811|Any CPU
		{4331A8D2-EF97-40C6-AE40-F1D8066B466C}.Debug_light_1811|Any CPU.Build.0 = Debug_light_1811|Any CPU
		{4331A8D2-EF97-40C6-AE40-F1D8066B466C}.Debug_light_1811|x64.ActiveCfg = Debug_light_1811|Any CPU
		{4331A8D2-EF97-40C6-AE40-F1D8066B466C}.Debug_light_1811|x64.Build.0 = Debug_light_1811|Any CPU
		{4331A8D2-EF97-40C6-AE40-F1D8066B466C}.Debug_light_1811|x86.ActiveCfg = Debug_light_1811|x86
		{4331A8D2-EF97-40C6-AE40-F1D8066B466C}.Debug_light_1811|x86.Build.0 = Debug_light_1811|x86
		{4331A8D2-EF97-40C6-AE40-F1D8066B466C}.debug_V1602|Any CPU.ActiveCfg = Debug_4.5|Any CPU
		{4331A8D2-EF97-40C6-AE40-F1D8066B466C}.debug_V1602|Any CPU.Build.0 = Debug_4.5|Any CPU
		{4331A8D2-EF97-40C6-AE40-F1D8066B466C}.debug_V1602|x64.ActiveCfg = Debug_4.5|x64
		{4331A8D2-EF97-40C6-AE40-F1D8066B466C}.debug_V1602|x64.Build.0 = Debug_4.5|x64
		{4331A8D2-EF97-40C6-AE40-F1D8066B466C}.debug_V1602|x86.ActiveCfg = Debug_4.5|x86
		{4331A8D2-EF97-40C6-AE40-F1D8066B466C}.debug_V1602|x86.Build.0 = Debug_4.5|x86
		{4331A8D2-EF97-40C6-AE40-F1D8066B466C}.Debug_x32|Any CPU.ActiveCfg = Debug_4.5|Any CPU
		{4331A8D2-EF97-40C6-AE40-F1D8066B466C}.Debug_x32|Any CPU.Build.0 = Debug_4.5|Any CPU
		{4331A8D2-EF97-40C6-AE40-F1D8066B466C}.Debug_x32|x64.ActiveCfg = Debug_4.5|x64
		{4331A8D2-EF97-40C6-AE40-F1D8066B466C}.Debug_x32|x64.Build.0 = Debug_4.5|x64
		{4331A8D2-EF97-40C6-AE40-F1D8066B466C}.Debug_x32|x86.ActiveCfg = Debug_4.5|x86
		{4331A8D2-EF97-40C6-AE40-F1D8066B466C}.Debug_x32|x86.Build.0 = Debug_4.5|x86
		{4331A8D2-EF97-40C6-AE40-F1D8066B466C}.Debug_x64|Any CPU.ActiveCfg = Debug_4.5|Any CPU
		{4331A8D2-EF97-40C6-AE40-F1D8066B466C}.Debug_x64|Any CPU.Build.0 = Debug_4.5|Any CPU
		{4331A8D2-EF97-40C6-AE40-F1D8066B466C}.Debug_x64|x64.ActiveCfg = Debug_4.5|x64
		{4331A8D2-EF97-40C6-AE40-F1D8066B466C}.Debug_x64|x64.Build.0 = Debug_4.5|x64
		{4331A8D2-EF97-40C6-AE40-F1D8066B466C}.Debug_x64|x86.ActiveCfg = Debug_4.5|x86
		{4331A8D2-EF97-40C6-AE40-F1D8066B466C}.Debug_x64|x86.Build.0 = Debug_4.5|x86
		{4331A8D2-EF97-40C6-AE40-F1D8066B466C}.Debug|Any CPU.ActiveCfg = Debug|Any CPU
		{4331A8D2-EF97-40C6-AE40-F1D8066B466C}.Debug|Any CPU.Build.0 = Debug|Any CPU
		{4331A8D2-EF97-40C6-AE40-F1D8066B466C}.Debug|x64.ActiveCfg = Debug|x64
		{4331A8D2-EF97-40C6-AE40-F1D8066B466C}.Debug|x64.Build.0 = Debug|x64
		{4331A8D2-EF97-40C6-AE40-F1D8066B466C}.Debug|x86.ActiveCfg = Debug|Any CPU
		{4331A8D2-EF97-40C6-AE40-F1D8066B466C}.Debug|x86.Build.0 = Debug|Any CPU
		{4331A8D2-EF97-40C6-AE40-F1D8066B466C}.MinSizeRel|Any CPU.ActiveCfg = Release_light_1811_5.0|Any CPU
		{4331A8D2-EF97-40C6-AE40-F1D8066B466C}.MinSizeRel|Any CPU.Build.0 = Release_light_1811_5.0|Any CPU
		{4331A8D2-EF97-40C6-AE40-F1D8066B466C}.MinSizeRel|x64.ActiveCfg = Debug_light_1811|x64
		{4331A8D2-EF97-40C6-AE40-F1D8066B466C}.MinSizeRel|x64.Build.0 = Debug_light_1811|x64
		{4331A8D2-EF97-40C6-AE40-F1D8066B466C}.MinSizeRel|x86.ActiveCfg = Release_light_1811_5.0|x86
		{4331A8D2-EF97-40C6-AE40-F1D8066B466C}.MinSizeRel|x86.Build.0 = Release_light_1811_5.0|x86
		{4331A8D2-EF97-40C6-AE40-F1D8066B466C}.Release_light_1811|Any CPU.ActiveCfg = Release_light_1811|Any CPU
		{4331A8D2-EF97-40C6-AE40-F1D8066B466C}.Release_light_1811|Any CPU.Build.0 = Release_light_1811|Any CPU
		{4331A8D2-EF97-40C6-AE40-F1D8066B466C}.Release_light_1811|x64.ActiveCfg = Release_light_1811|Any CPU
		{4331A8D2-EF97-40C6-AE40-F1D8066B466C}.Release_light_1811|x64.Build.0 = Release_light_1811|Any CPU
		{4331A8D2-EF97-40C6-AE40-F1D8066B466C}.Release_light_1811|x86.ActiveCfg = Release_light_1811|x86
		{4331A8D2-EF97-40C6-AE40-F1D8066B466C}.Release_light_1811|x86.Build.0 = Release_light_1811|x86
		{4331A8D2-EF97-40C6-AE40-F1D8066B466C}.Release_x32|Any CPU.ActiveCfg = Release_light_1811|Any CPU
		{4331A8D2-EF97-40C6-AE40-F1D8066B466C}.Release_x32|Any CPU.Build.0 = Release_light_1811|Any CPU
		{4331A8D2-EF97-40C6-AE40-F1D8066B466C}.Release_x32|x64.ActiveCfg = Release_light_1811_5.0|x64
		{4331A8D2-EF97-40C6-AE40-F1D8066B466C}.Release_x32|x64.Build.0 = Release_light_1811_5.0|x64
		{4331A8D2-EF97-40C6-AE40-F1D8066B466C}.Release_x32|x86.ActiveCfg = Release_light_1811|x86
		{4331A8D2-EF97-40C6-AE40-F1D8066B466C}.Release_x32|x86.Build.0 = Release_light_1811|x86
		{4331A8D2-EF97-40C6-AE40-F1D8066B466C}.Release_x64|Any CPU.ActiveCfg = Release_light_1811|Any CPU
		{4331A8D2-EF97-40C6-AE40-F1D8066B466C}.Release_x64|Any CPU.Build.0 = Release_light_1811|Any CPU
		{4331A8D2-EF97-40C6-AE40-F1D8066B466C}.Release_x64|x64.ActiveCfg = Release_light_1811_5.0|x64
		{4331A8D2-EF97-40C6-AE40-F1D8066B466C}.Release_x64|x64.Build.0 = Release_light_1811_5.0|x64
		{4331A8D2-EF97-40C6-AE40-F1D8066B466C}.Release_x64|x86.ActiveCfg = Release_light_1811|x86
		{4331A8D2-EF97-40C6-AE40-F1D8066B466C}.Release_x64|x86.Build.0 = Release_light_1811|x86
		{4331A8D2-EF97-40C6-AE40-F1D8066B466C}.Release|Any CPU.ActiveCfg = Release|Any CPU
		{4331A8D2-EF97-40C6-AE40-F1D8066B466C}.Release|Any CPU.Build.0 = Release|Any CPU
		{4331A8D2-EF97-40C6-AE40-F1D8066B466C}.Release|x64.ActiveCfg = Release|x64
		{4331A8D2-EF97-40C6-AE40-F1D8066B466C}.Release|x64.Build.0 = Release|x64
		{4331A8D2-EF97-40C6-AE40-F1D8066B466C}.Release|x86.ActiveCfg = Release|x86
		{4331A8D2-EF97-40C6-AE40-F1D8066B466C}.Release|x86.Build.0 = Release|x86
		{4331A8D2-EF97-40C6-AE40-F1D8066B466C}.RelWithDebInfo|Any CPU.ActiveCfg = Release_light_1811_5.0|Any CPU
		{4331A8D2-EF97-40C6-AE40-F1D8066B466C}.RelWithDebInfo|Any CPU.Build.0 = Release_light_1811_5.0|Any CPU
		{4331A8D2-EF97-40C6-AE40-F1D8066B466C}.RelWithDebInfo|x64.ActiveCfg = Release_light_1811|x64
		{4331A8D2-EF97-40C6-AE40-F1D8066B466C}.RelWithDebInfo|x64.Build.0 = Release_light_1811|x64
		{4331A8D2-EF97-40C6-AE40-F1D8066B466C}.RelWithDebInfo|x86.ActiveCfg = Release_light_1811_5.0|x86
		{4331A8D2-EF97-40C6-AE40-F1D8066B466C}.RelWithDebInfo|x86.Build.0 = Release_light_1811_5.0|x86
		{A24DD927-34EF-4301-BDF3-42C872BC944E}.Debug_light_1811|Any CPU.ActiveCfg = Debug_light_1811|Any CPU
		{A24DD927-34EF-4301-BDF3-42C872BC944E}.Debug_light_1811|Any CPU.Build.0 = Debug_light_1811|Any CPU
		{A24DD927-34EF-4301-BDF3-42C872BC944E}.Debug_light_1811|x64.ActiveCfg = Debug_light_1811|Any CPU
		{A24DD927-34EF-4301-BDF3-42C872BC944E}.Debug_light_1811|x64.Build.0 = Debug_light_1811|Any CPU
		{A24DD927-34EF-4301-BDF3-42C872BC944E}.Debug_light_1811|x86.ActiveCfg = Debug_light_1811|Any CPU
		{A24DD927-34EF-4301-BDF3-42C872BC944E}.Debug_light_1811|x86.Build.0 = Debug_light_1811|Any CPU
		{A24DD927-34EF-4301-BDF3-42C872BC944E}.debug_V1602|Any CPU.ActiveCfg = Debug_4.5|Any CPU
		{A24DD927-34EF-4301-BDF3-42C872BC944E}.debug_V1602|Any CPU.Build.0 = Debug_4.5|Any CPU
		{A24DD927-34EF-4301-BDF3-42C872BC944E}.debug_V1602|x64.ActiveCfg = Debug_4.5|x64
		{A24DD927-34EF-4301-BDF3-42C872BC944E}.debug_V1602|x64.Build.0 = Debug_4.5|x64
		{A24DD927-34EF-4301-BDF3-42C872BC944E}.debug_V1602|x86.ActiveCfg = Debug_4.5|Any CPU
		{A24DD927-34EF-4301-BDF3-42C872BC944E}.debug_V1602|x86.Build.0 = Debug_4.5|Any CPU
		{A24DD927-34EF-4301-BDF3-42C872BC944E}.Debug_x32|Any CPU.ActiveCfg = Debug_4.5|Any CPU
		{A24DD927-34EF-4301-BDF3-42C872BC944E}.Debug_x32|Any CPU.Build.0 = Debug_4.5|Any CPU
		{A24DD927-34EF-4301-BDF3-42C872BC944E}.Debug_x32|x64.ActiveCfg = Debug_4.5|x64
		{A24DD927-34EF-4301-BDF3-42C872BC944E}.Debug_x32|x64.Build.0 = Debug_4.5|x64
		{A24DD927-34EF-4301-BDF3-42C872BC944E}.Debug_x32|x86.ActiveCfg = Debug_4.5|Any CPU
		{A24DD927-34EF-4301-BDF3-42C872BC944E}.Debug_x32|x86.Build.0 = Debug_4.5|Any CPU
		{A24DD927-34EF-4301-BDF3-42C872BC944E}.Debug_x64|Any CPU.ActiveCfg = Debug_4.5|Any CPU
		{A24DD927-34EF-4301-BDF3-42C872BC944E}.Debug_x64|Any CPU.Build.0 = Debug_4.5|Any CPU
		{A24DD927-34EF-4301-BDF3-42C872BC944E}.Debug_x64|x64.ActiveCfg = Debug_4.5|x64
		{A24DD927-34EF-4301-BDF3-42C872BC944E}.Debug_x64|x64.Build.0 = Debug_4.5|x64
		{A24DD927-34EF-4301-BDF3-42C872BC944E}.Debug_x64|x86.ActiveCfg = Debug_4.5|Any CPU
		{A24DD927-34EF-4301-BDF3-42C872BC944E}.Debug_x64|x86.Build.0 = Debug_4.5|Any CPU
		{A24DD927-34EF-4301-BDF3-42C872BC944E}.Debug|Any CPU.ActiveCfg = Debug|Any CPU
		{A24DD927-34EF-4301-BDF3-42C872BC944E}.Debug|Any CPU.Build.0 = Debug|Any CPU
		{A24DD927-34EF-4301-BDF3-42C872BC944E}.Debug|x64.ActiveCfg = Debug|x64
		{A24DD927-34EF-4301-BDF3-42C872BC944E}.Debug|x64.Build.0 = Debug|x64
		{A24DD927-34EF-4301-BDF3-42C872BC944E}.Debug|x86.ActiveCfg = Debug|Any CPU
		{A24DD927-34EF-4301-BDF3-42C872BC944E}.Debug|x86.Build.0 = Debug|Any CPU
		{A24DD927-34EF-4301-BDF3-42C872BC944E}.MinSizeRel|Any CPU.ActiveCfg = Release_light_1811_5.0|Any CPU
		{A24DD927-34EF-4301-BDF3-42C872BC944E}.MinSizeRel|Any CPU.Build.0 = Release_light_1811_5.0|Any CPU
		{A24DD927-34EF-4301-BDF3-42C872BC944E}.MinSizeRel|x64.ActiveCfg = Debug_light_1811|x64
		{A24DD927-34EF-4301-BDF3-42C872BC944E}.MinSizeRel|x64.Build.0 = Debug_light_1811|x64
		{A24DD927-34EF-4301-BDF3-42C872BC944E}.MinSizeRel|x86.ActiveCfg = Release_light_1811_5.0|Any CPU
		{A24DD927-34EF-4301-BDF3-42C872BC944E}.MinSizeRel|x86.Build.0 = Release_light_1811_5.0|Any CPU
		{A24DD927-34EF-4301-BDF3-42C872BC944E}.Release_light_1811|Any CPU.ActiveCfg = Release_light_1811|Any CPU
		{A24DD927-34EF-4301-BDF3-42C872BC944E}.Release_light_1811|Any CPU.Build.0 = Release_light_1811|Any CPU
		{A24DD927-34EF-4301-BDF3-42C872BC944E}.Release_light_1811|x64.ActiveCfg = Release_light_1811|Any CPU
		{A24DD927-34EF-4301-BDF3-42C872BC944E}.Release_light_1811|x64.Build.0 = Release_light_1811|Any CPU
		{A24DD927-34EF-4301-BDF3-42C872BC944E}.Release_light_1811|x86.ActiveCfg = Release_light_1811|Any CPU
		{A24DD927-34EF-4301-BDF3-42C872BC944E}.Release_light_1811|x86.Build.0 = Release_light_1811|Any CPU
		{A24DD927-34EF-4301-BDF3-42C872BC944E}.Release_x32|Any CPU.ActiveCfg = Release_light_1811|Any CPU
		{A24DD927-34EF-4301-BDF3-42C872BC944E}.Release_x32|Any CPU.Build.0 = Release_light_1811|Any CPU
		{A24DD927-34EF-4301-BDF3-42C872BC944E}.Release_x32|x64.ActiveCfg = Release_light_1811_5.0|x64
		{A24DD927-34EF-4301-BDF3-42C872BC944E}.Release_x32|x64.Build.0 = Release_light_1811_5.0|x64
		{A24DD927-34EF-4301-BDF3-42C872BC944E}.Release_x32|x86.ActiveCfg = Release_light_1811|Any CPU
		{A24DD927-34EF-4301-BDF3-42C872BC944E}.Release_x32|x86.Build.0 = Release_light_1811|Any CPU
		{A24DD927-34EF-4301-BDF3-42C872BC944E}.Release_x64|Any CPU.ActiveCfg = Release_light_1811|Any CPU
		{A24DD927-34EF-4301-BDF3-42C872BC944E}.Release_x64|Any CPU.Build.0 = Release_light_1811|Any CPU
		{A24DD927-34EF-4301-BDF3-42C872BC944E}.Release_x64|x64.ActiveCfg = Release_light_1811_5.0|x64
		{A24DD927-34EF-4301-BDF3-42C872BC944E}.Release_x64|x64.Build.0 = Release_light_1811_5.0|x64
		{A24DD927-34EF-4301-BDF3-42C872BC944E}.Release_x64|x86.ActiveCfg = Release_light_1811|Any CPU
		{A24DD927-34EF-4301-BDF3-42C872BC944E}.Release_x64|x86.Build.0 = Release_light_1811|Any CPU
		{A24DD927-34EF-4301-BDF3-42C872BC944E}.Release|Any CPU.ActiveCfg = Release|Any CPU
		{A24DD927-34EF-4301-BDF3-42C872BC944E}.Release|Any CPU.Build.0 = Release|Any CPU
		{A24DD927-34EF-4301-BDF3-42C872BC944E}.Release|x64.ActiveCfg = Release|x64
		{A24DD927-34EF-4301-BDF3-42C872BC944E}.Release|x64.Build.0 = Release|x64
		{A24DD927-34EF-4301-BDF3-42C872BC944E}.Release|x86.ActiveCfg = Release|Any CPU
		{A24DD927-34EF-4301-BDF3-42C872BC944E}.Release|x86.Build.0 = Release|Any CPU
		{A24DD927-34EF-4301-BDF3-42C872BC944E}.RelWithDebInfo|Any CPU.ActiveCfg = Release_light_1811_5.0|Any CPU
		{A24DD927-34EF-4301-BDF3-42C872BC944E}.RelWithDebInfo|Any CPU.Build.0 = Release_light_1811_5.0|Any CPU
		{A24DD927-34EF-4301-BDF3-42C872BC944E}.RelWithDebInfo|x64.ActiveCfg = Release_light_1811|x64
		{A24DD927-34EF-4301-BDF3-42C872BC944E}.RelWithDebInfo|x64.Build.0 = Release_light_1811|x64
		{A24DD927-34EF-4301-BDF3-42C872BC944E}.RelWithDebInfo|x86.ActiveCfg = Release_light_1811_5.0|Any CPU
		{A24DD927-34EF-4301-BDF3-42C872BC944E}.RelWithDebInfo|x86.Build.0 = Release_light_1811_5.0|Any CPU
		{040E3622-194B-4FA6-9CBB-1A22BD52A13D}.Debug_light_1811|Any CPU.ActiveCfg = Debug_light_1811|Any CPU
		{040E3622-194B-4FA6-9CBB-1A22BD52A13D}.Debug_light_1811|Any CPU.Build.0 = Debug_light_1811|Any CPU
		{040E3622-194B-4FA6-9CBB-1A22BD52A13D}.Debug_light_1811|x64.ActiveCfg = Debug_light_1811|Any CPU
		{040E3622-194B-4FA6-9CBB-1A22BD52A13D}.Debug_light_1811|x64.Build.0 = Debug_light_1811|Any CPU
		{040E3622-194B-4FA6-9CBB-1A22BD52A13D}.Debug_light_1811|x86.ActiveCfg = Debug_light_1811|Any CPU
		{040E3622-194B-4FA6-9CBB-1A22BD52A13D}.Debug_light_1811|x86.Build.0 = Debug_light_1811|Any CPU
		{040E3622-194B-4FA6-9CBB-1A22BD52A13D}.debug_V1602|Any CPU.ActiveCfg = Debug_4.5|Any CPU
		{040E3622-194B-4FA6-9CBB-1A22BD52A13D}.debug_V1602|Any CPU.Build.0 = Debug_4.5|Any CPU
		{040E3622-194B-4FA6-9CBB-1A22BD52A13D}.debug_V1602|x64.ActiveCfg = Debug_4.5|x64
		{040E3622-194B-4FA6-9CBB-1A22BD52A13D}.debug_V1602|x64.Build.0 = Debug_4.5|x64
		{040E3622-194B-4FA6-9CBB-1A22BD52A13D}.debug_V1602|x86.ActiveCfg = Debug_4.5|Any CPU
		{040E3622-194B-4FA6-9CBB-1A22BD52A13D}.debug_V1602|x86.Build.0 = Debug_4.5|Any CPU
		{040E3622-194B-4FA6-9CBB-1A22BD52A13D}.Debug_x32|Any CPU.ActiveCfg = Debug_4.5|Any CPU
		{040E3622-194B-4FA6-9CBB-1A22BD52A13D}.Debug_x32|Any CPU.Build.0 = Debug_4.5|Any CPU
		{040E3622-194B-4FA6-9CBB-1A22BD52A13D}.Debug_x32|x64.ActiveCfg = Debug_4.5|x64
		{040E3622-194B-4FA6-9CBB-1A22BD52A13D}.Debug_x32|x64.Build.0 = Debug_4.5|x64
		{040E3622-194B-4FA6-9CBB-1A22BD52A13D}.Debug_x32|x86.ActiveCfg = Debug_4.5|Any CPU
		{040E3622-194B-4FA6-9CBB-1A22BD52A13D}.Debug_x32|x86.Build.0 = Debug_4.5|Any CPU
		{040E3622-194B-4FA6-9CBB-1A22BD52A13D}.Debug_x64|Any CPU.ActiveCfg = Debug_4.5|Any CPU
		{040E3622-194B-4FA6-9CBB-1A22BD52A13D}.Debug_x64|Any CPU.Build.0 = Debug_4.5|Any CPU
		{040E3622-194B-4FA6-9CBB-1A22BD52A13D}.Debug_x64|x64.ActiveCfg = Debug_4.5|x64
		{040E3622-194B-4FA6-9CBB-1A22BD52A13D}.Debug_x64|x64.Build.0 = Debug_4.5|x64
		{040E3622-194B-4FA6-9CBB-1A22BD52A13D}.Debug_x64|x86.ActiveCfg = Debug_4.5|Any CPU
		{040E3622-194B-4FA6-9CBB-1A22BD52A13D}.Debug_x64|x86.Build.0 = Debug_4.5|Any CPU
		{040E3622-194B-4FA6-9CBB-1A22BD52A13D}.Debug|Any CPU.ActiveCfg = Debug|Any CPU
		{040E3622-194B-4FA6-9CBB-1A22BD52A13D}.Debug|Any CPU.Build.0 = Debug|Any CPU
		{040E3622-194B-4FA6-9CBB-1A22BD52A13D}.Debug|x64.ActiveCfg = Debug|x64
		{040E3622-194B-4FA6-9CBB-1A22BD52A13D}.Debug|x64.Build.0 = Debug|x64
		{040E3622-194B-4FA6-9CBB-1A22BD52A13D}.Debug|x86.ActiveCfg = Debug|Any CPU
		{040E3622-194B-4FA6-9CBB-1A22BD52A13D}.Debug|x86.Build.0 = Debug|Any CPU
		{040E3622-194B-4FA6-9CBB-1A22BD52A13D}.MinSizeRel|Any CPU.ActiveCfg = Release_light_1811_5.0|Any CPU
		{040E3622-194B-4FA6-9CBB-1A22BD52A13D}.MinSizeRel|Any CPU.Build.0 = Release_light_1811_5.0|Any CPU
		{040E3622-194B-4FA6-9CBB-1A22BD52A13D}.MinSizeRel|x64.ActiveCfg = Debug_light_1811|x64
		{040E3622-194B-4FA6-9CBB-1A22BD52A13D}.MinSizeRel|x64.Build.0 = Debug_light_1811|x64
		{040E3622-194B-4FA6-9CBB-1A22BD52A13D}.MinSizeRel|x86.ActiveCfg = Release_light_1811_5.0|Any CPU
		{040E3622-194B-4FA6-9CBB-1A22BD52A13D}.MinSizeRel|x86.Build.0 = Release_light_1811_5.0|Any CPU
		{040E3622-194B-4FA6-9CBB-1A22BD52A13D}.Release_light_1811|Any CPU.ActiveCfg = Release_light_1811|Any CPU
		{040E3622-194B-4FA6-9CBB-1A22BD52A13D}.Release_light_1811|Any CPU.Build.0 = Release_light_1811|Any CPU
		{040E3622-194B-4FA6-9CBB-1A22BD52A13D}.Release_light_1811|x64.ActiveCfg = Release_light_1811|Any CPU
		{040E3622-194B-4FA6-9CBB-1A22BD52A13D}.Release_light_1811|x64.Build.0 = Release_light_1811|Any CPU
		{040E3622-194B-4FA6-9CBB-1A22BD52A13D}.Release_light_1811|x86.ActiveCfg = Release_light_1811|Any CPU
		{040E3622-194B-4FA6-9CBB-1A22BD52A13D}.Release_light_1811|x86.Build.0 = Release_light_1811|Any CPU
		{040E3622-194B-4FA6-9CBB-1A22BD52A13D}.Release_x32|Any CPU.ActiveCfg = Release_light_1811|Any CPU
		{040E3622-194B-4FA6-9CBB-1A22BD52A13D}.Release_x32|Any CPU.Build.0 = Release_light_1811|Any CPU
		{040E3622-194B-4FA6-9CBB-1A22BD52A13D}.Release_x32|x64.ActiveCfg = Release_light_1811_5.0|x64
		{040E3622-194B-4FA6-9CBB-1A22BD52A13D}.Release_x32|x64.Build.0 = Release_light_1811_5.0|x64
		{040E3622-194B-4FA6-9CBB-1A22BD52A13D}.Release_x32|x86.ActiveCfg = Release_light_1811|Any CPU
		{040E3622-194B-4FA6-9CBB-1A22BD52A13D}.Release_x32|x86.Build.0 = Release_light_1811|Any CPU
		{040E3622-194B-4FA6-9CBB-1A22BD52A13D}.Release_x64|Any CPU.ActiveCfg = Release_light_1811|Any CPU
		{040E3622-194B-4FA6-9CBB-1A22BD52A13D}.Release_x64|Any CPU.Build.0 = Release_light_1811|Any CPU
		{040E3622-194B-4FA6-9CBB-1A22BD52A13D}.Release_x64|x64.ActiveCfg = Release_light_1811_5.0|x64
		{040E3622-194B-4FA6-9CBB-1A22BD52A13D}.Release_x64|x64.Build.0 = Release_light_1811_5.0|x64
		{040E3622-194B-4FA6-9CBB-1A22BD52A13D}.Release_x64|x86.ActiveCfg = Release_light_1811|Any CPU
		{040E3622-194B-4FA6-9CBB-1A22BD52A13D}.Release_x64|x86.Build.0 = Release_light_1811|Any CPU
		{040E3622-194B-4FA6-9CBB-1A22BD52A13D}.Release|Any CPU.ActiveCfg = Release|Any CPU
		{040E3622-194B-4FA6-9CBB-1A22BD52A13D}.Release|Any CPU.Build.0 = Release|Any CPU
		{040E3622-194B-4FA6-9CBB-1A22BD52A13D}.Release|x64.ActiveCfg = Release|x64
		{040E3622-194B-4FA6-9CBB-1A22BD52A13D}.Release|x64.Build.0 = Release|x64
		{040E3622-194B-4FA6-9CBB-1A22BD52A13D}.Release|x86.ActiveCfg = Release|Any CPU
		{040E3622-194B-4FA6-9CBB-1A22BD52A13D}.Release|x86.Build.0 = Release|Any CPU
		{040E3622-194B-4FA6-9CBB-1A22BD52A13D}.RelWithDebInfo|Any CPU.ActiveCfg = Release_light_1811_5.0|Any CPU
		{040E3622-194B-4FA6-9CBB-1A22BD52A13D}.RelWithDebInfo|Any CPU.Build.0 = Release_light_1811_5.0|Any CPU
		{040E3622-194B-4FA6-9CBB-1A22BD52A13D}.RelWithDebInfo|x64.ActiveCfg = Release_light_1811|x64
		{040E3622-194B-4FA6-9CBB-1A22BD52A13D}.RelWithDebInfo|x64.Build.0 = Release_light_1811|x64
		{040E3622-194B-4FA6-9CBB-1A22BD52A13D}.RelWithDebInfo|x86.ActiveCfg = Release_light_1811_5.0|Any CPU
		{040E3622-194B-4FA6-9CBB-1A22BD52A13D}.RelWithDebInfo|x86.Build.0 = Release_light_1811_5.0|Any CPU
		{A50690CF-7A7A-4B31-9A03-B3A2AF0AF0E0}.Debug_light_1811|Any CPU.ActiveCfg = Debug_light_1811|Any CPU
		{A50690CF-7A7A-4B31-9A03-B3A2AF0AF0E0}.Debug_light_1811|Any CPU.Build.0 = Debug_light_1811|Any CPU
		{A50690CF-7A7A-4B31-9A03-B3A2AF0AF0E0}.Debug_light_1811|x64.ActiveCfg = Debug_light_1811|Any CPU
		{A50690CF-7A7A-4B31-9A03-B3A2AF0AF0E0}.Debug_light_1811|x64.Build.0 = Debug_light_1811|Any CPU
		{A50690CF-7A7A-4B31-9A03-B3A2AF0AF0E0}.Debug_light_1811|x86.ActiveCfg = Debug_light_1811|Any CPU
		{A50690CF-7A7A-4B31-9A03-B3A2AF0AF0E0}.Debug_light_1811|x86.Build.0 = Debug_light_1811|Any CPU
		{A50690CF-7A7A-4B31-9A03-B3A2AF0AF0E0}.debug_V1602|Any CPU.ActiveCfg = Debug_4.5|Any CPU
		{A50690CF-7A7A-4B31-9A03-B3A2AF0AF0E0}.debug_V1602|Any CPU.Build.0 = Debug_4.5|Any CPU
		{A50690CF-7A7A-4B31-9A03-B3A2AF0AF0E0}.debug_V1602|x64.ActiveCfg = Debug_4.5|x64
		{A50690CF-7A7A-4B31-9A03-B3A2AF0AF0E0}.debug_V1602|x64.Build.0 = Debug_4.5|x64
		{A50690CF-7A7A-4B31-9A03-B3A2AF0AF0E0}.debug_V1602|x86.ActiveCfg = Debug_4.5|Any CPU
		{A50690CF-7A7A-4B31-9A03-B3A2AF0AF0E0}.debug_V1602|x86.Build.0 = Debug_4.5|Any CPU
		{A50690CF-7A7A-4B31-9A03-B3A2AF0AF0E0}.Debug_x32|Any CPU.ActiveCfg = Debug_4.5|Any CPU
		{A50690CF-7A7A-4B31-9A03-B3A2AF0AF0E0}.Debug_x32|Any CPU.Build.0 = Debug_4.5|Any CPU
		{A50690CF-7A7A-4B31-9A03-B3A2AF0AF0E0}.Debug_x32|x64.ActiveCfg = Debug_4.5|x64
		{A50690CF-7A7A-4B31-9A03-B3A2AF0AF0E0}.Debug_x32|x64.Build.0 = Debug_4.5|x64
		{A50690CF-7A7A-4B31-9A03-B3A2AF0AF0E0}.Debug_x32|x86.ActiveCfg = Debug_4.5|Any CPU
		{A50690CF-7A7A-4B31-9A03-B3A2AF0AF0E0}.Debug_x32|x86.Build.0 = Debug_4.5|Any CPU
		{A50690CF-7A7A-4B31-9A03-B3A2AF0AF0E0}.Debug_x64|Any CPU.ActiveCfg = Debug_4.5|Any CPU
		{A50690CF-7A7A-4B31-9A03-B3A2AF0AF0E0}.Debug_x64|Any CPU.Build.0 = Debug_4.5|Any CPU
		{A50690CF-7A7A-4B31-9A03-B3A2AF0AF0E0}.Debug_x64|x64.ActiveCfg = Debug_4.5|x64
		{A50690CF-7A7A-4B31-9A03-B3A2AF0AF0E0}.Debug_x64|x64.Build.0 = Debug_4.5|x64
		{A50690CF-7A7A-4B31-9A03-B3A2AF0AF0E0}.Debug_x64|x86.ActiveCfg = Debug_4.5|Any CPU
		{A50690CF-7A7A-4B31-9A03-B3A2AF0AF0E0}.Debug_x64|x86.Build.0 = Debug_4.5|Any CPU
		{A50690CF-7A7A-4B31-9A03-B3A2AF0AF0E0}.Debug|Any CPU.ActiveCfg = debug|Any CPU
		{A50690CF-7A7A-4B31-9A03-B3A2AF0AF0E0}.Debug|Any CPU.Build.0 = debug|Any CPU
		{A50690CF-7A7A-4B31-9A03-B3A2AF0AF0E0}.Debug|x64.ActiveCfg = debug|x64
		{A50690CF-7A7A-4B31-9A03-B3A2AF0AF0E0}.Debug|x64.Build.0 = debug|x64
		{A50690CF-7A7A-4B31-9A03-B3A2AF0AF0E0}.Debug|x86.ActiveCfg = debug|Any CPU
		{A50690CF-7A7A-4B31-9A03-B3A2AF0AF0E0}.Debug|x86.Build.0 = debug|Any CPU
		{A50690CF-7A7A-4B31-9A03-B3A2AF0AF0E0}.MinSizeRel|Any CPU.ActiveCfg = Release_light_1811_5.0|Any CPU
		{A50690CF-7A7A-4B31-9A03-B3A2AF0AF0E0}.MinSizeRel|Any CPU.Build.0 = Release_light_1811_5.0|Any CPU
		{A50690CF-7A7A-4B31-9A03-B3A2AF0AF0E0}.MinSizeRel|x64.ActiveCfg = Debug_light_1811|x64
		{A50690CF-7A7A-4B31-9A03-B3A2AF0AF0E0}.MinSizeRel|x64.Build.0 = Debug_light_1811|x64
		{A50690CF-7A7A-4B31-9A03-B3A2AF0AF0E0}.MinSizeRel|x86.ActiveCfg = Release_light_1811_5.0|Any CPU
		{A50690CF-7A7A-4B31-9A03-B3A2AF0AF0E0}.MinSizeRel|x86.Build.0 = Release_light_1811_5.0|Any CPU
		{A50690CF-7A7A-4B31-9A03-B3A2AF0AF0E0}.Release_light_1811|Any CPU.ActiveCfg = Release_light_1811|Any CPU
		{A50690CF-7A7A-4B31-9A03-B3A2AF0AF0E0}.Release_light_1811|Any CPU.Build.0 = Release_light_1811|Any CPU
		{A50690CF-7A7A-4B31-9A03-B3A2AF0AF0E0}.Release_light_1811|x64.ActiveCfg = Release_light_1811|Any CPU
		{A50690CF-7A7A-4B31-9A03-B3A2AF0AF0E0}.Release_light_1811|x64.Build.0 = Release_light_1811|Any CPU
		{A50690CF-7A7A-4B31-9A03-B3A2AF0AF0E0}.Release_light_1811|x86.ActiveCfg = Release_light_1811|Any CPU
		{A50690CF-7A7A-4B31-9A03-B3A2AF0AF0E0}.Release_light_1811|x86.Build.0 = Release_light_1811|Any CPU
		{A50690CF-7A7A-4B31-9A03-B3A2AF0AF0E0}.Release_x32|Any CPU.ActiveCfg = Release_light_1811|Any CPU
		{A50690CF-7A7A-4B31-9A03-B3A2AF0AF0E0}.Release_x32|Any CPU.Build.0 = Release_light_1811|Any CPU
		{A50690CF-7A7A-4B31-9A03-B3A2AF0AF0E0}.Release_x32|x64.ActiveCfg = Release_light_1811_5.0|x64
		{A50690CF-7A7A-4B31-9A03-B3A2AF0AF0E0}.Release_x32|x64.Build.0 = Release_light_1811_5.0|x64
		{A50690CF-7A7A-4B31-9A03-B3A2AF0AF0E0}.Release_x32|x86.ActiveCfg = Release_light_1811|Any CPU
		{A50690CF-7A7A-4B31-9A03-B3A2AF0AF0E0}.Release_x32|x86.Build.0 = Release_light_1811|Any CPU
		{A50690CF-7A7A-4B31-9A03-B3A2AF0AF0E0}.Release_x64|Any CPU.ActiveCfg = Release_light_1811|Any CPU
		{A50690CF-7A7A-4B31-9A03-B3A2AF0AF0E0}.Release_x64|Any CPU.Build.0 = Release_light_1811|Any CPU
		{A50690CF-7A7A-4B31-9A03-B3A2AF0AF0E0}.Release_x64|x64.ActiveCfg = Release_light_1811_5.0|x64
		{A50690CF-7A7A-4B31-9A03-B3A2AF0AF0E0}.Release_x64|x64.Build.0 = Release_light_1811_5.0|x64
		{A50690CF-7A7A-4B31-9A03-B3A2AF0AF0E0}.Release_x64|x86.ActiveCfg = Release_light_1811|Any CPU
		{A50690CF-7A7A-4B31-9A03-B3A2AF0AF0E0}.Release_x64|x86.Build.0 = Release_light_1811|Any CPU
		{A50690CF-7A7A-4B31-9A03-B3A2AF0AF0E0}.Release|Any CPU.ActiveCfg = Release|Any CPU
		{A50690CF-7A7A-4B31-9A03-B3A2AF0AF0E0}.Release|Any CPU.Build.0 = Release|Any CPU
		{A50690CF-7A7A-4B31-9A03-B3A2AF0AF0E0}.Release|x64.ActiveCfg = Release|x64
		{A50690CF-7A7A-4B31-9A03-B3A2AF0AF0E0}.Release|x64.Build.0 = Release|x64
		{A50690CF-7A7A-4B31-9A03-B3A2AF0AF0E0}.Release|x86.ActiveCfg = Release|Any CPU
		{A50690CF-7A7A-4B31-9A03-B3A2AF0AF0E0}.Release|x86.Build.0 = Release|Any CPU
		{A50690CF-7A7A-4B31-9A03-B3A2AF0AF0E0}.RelWithDebInfo|Any CPU.ActiveCfg = Release_light_1811_5.0|Any CPU
		{A50690CF-7A7A-4B31-9A03-B3A2AF0AF0E0}.RelWithDebInfo|Any CPU.Build.0 = Release_light_1811_5.0|Any CPU
		{A50690CF-7A7A-4B31-9A03-B3A2AF0AF0E0}.RelWithDebInfo|x64.ActiveCfg = Release_light_1811|x64
		{A50690CF-7A7A-4B31-9A03-B3A2AF0AF0E0}.RelWithDebInfo|x64.Build.0 = Release_light_1811|x64
		{A50690CF-7A7A-4B31-9A03-B3A2AF0AF0E0}.RelWithDebInfo|x86.ActiveCfg = Release_light_1811_5.0|Any CPU
		{A50690CF-7A7A-4B31-9A03-B3A2AF0AF0E0}.RelWithDebInfo|x86.Build.0 = Release_light_1811_5.0|Any CPU
		{E8BB1EAC-ED6B-4D5E-AA88-6A6CD961F37E}.Debug_light_1811|Any CPU.ActiveCfg = Debug_light_1811|Any CPU
		{E8BB1EAC-ED6B-4D5E-AA88-6A6CD961F37E}.Debug_light_1811|Any CPU.Build.0 = Debug_light_1811|Any CPU
		{E8BB1EAC-ED6B-4D5E-AA88-6A6CD961F37E}.Debug_light_1811|x64.ActiveCfg = Debug_light_1811|Any CPU
		{E8BB1EAC-ED6B-4D5E-AA88-6A6CD961F37E}.Debug_light_1811|x64.Build.0 = Debug_light_1811|Any CPU
		{E8BB1EAC-ED6B-4D5E-AA88-6A6CD961F37E}.Debug_light_1811|x86.ActiveCfg = Debug_light_1811|Any CPU
		{E8BB1EAC-ED6B-4D5E-AA88-6A6CD961F37E}.Debug_light_1811|x86.Build.0 = Debug_light_1811|Any CPU
		{E8BB1EAC-ED6B-4D5E-AA88-6A6CD961F37E}.debug_V1602|Any CPU.ActiveCfg = Debug_4.5|Any CPU
		{E8BB1EAC-ED6B-4D5E-AA88-6A6CD961F37E}.debug_V1602|Any CPU.Build.0 = Debug_4.5|Any CPU
		{E8BB1EAC-ED6B-4D5E-AA88-6A6CD961F37E}.debug_V1602|x64.ActiveCfg = Debug_4.5|x64
		{E8BB1EAC-ED6B-4D5E-AA88-6A6CD961F37E}.debug_V1602|x64.Build.0 = Debug_4.5|x64
		{E8BB1EAC-ED6B-4D5E-AA88-6A6CD961F37E}.debug_V1602|x86.ActiveCfg = Debug_4.5|Any CPU
		{E8BB1EAC-ED6B-4D5E-AA88-6A6CD961F37E}.debug_V1602|x86.Build.0 = Debug_4.5|Any CPU
		{E8BB1EAC-ED6B-4D5E-AA88-6A6CD961F37E}.Debug_x32|Any CPU.ActiveCfg = Debug_4.5|Any CPU
		{E8BB1EAC-ED6B-4D5E-AA88-6A6CD961F37E}.Debug_x32|Any CPU.Build.0 = Debug_4.5|Any CPU
		{E8BB1EAC-ED6B-4D5E-AA88-6A6CD961F37E}.Debug_x32|x64.ActiveCfg = Debug_4.5|x64
		{E8BB1EAC-ED6B-4D5E-AA88-6A6CD961F37E}.Debug_x32|x64.Build.0 = Debug_4.5|x64
		{E8BB1EAC-ED6B-4D5E-AA88-6A6CD961F37E}.Debug_x32|x86.ActiveCfg = Debug_4.5|Any CPU
		{E8BB1EAC-ED6B-4D5E-AA88-6A6CD961F37E}.Debug_x32|x86.Build.0 = Debug_4.5|Any CPU
		{E8BB1EAC-ED6B-4D5E-AA88-6A6CD961F37E}.Debug_x64|Any CPU.ActiveCfg = Debug_4.5|Any CPU
		{E8BB1EAC-ED6B-4D5E-AA88-6A6CD961F37E}.Debug_x64|Any CPU.Build.0 = Debug_4.5|Any CPU
		{E8BB1EAC-ED6B-4D5E-AA88-6A6CD961F37E}.Debug_x64|x64.ActiveCfg = Debug_4.5|x64
		{E8BB1EAC-ED6B-4D5E-AA88-6A6CD961F37E}.Debug_x64|x64.Build.0 = Debug_4.5|x64
		{E8BB1EAC-ED6B-4D5E-AA88-6A6CD961F37E}.Debug_x64|x86.ActiveCfg = Debug_4.5|Any CPU
		{E8BB1EAC-ED6B-4D5E-AA88-6A6CD961F37E}.Debug_x64|x86.Build.0 = Debug_4.5|Any CPU
		{E8BB1EAC-ED6B-4D5E-AA88-6A6CD961F37E}.Debug|Any CPU.ActiveCfg = Debug|Any CPU
		{E8BB1EAC-ED6B-4D5E-AA88-6A6CD961F37E}.Debug|Any CPU.Build.0 = Debug|Any CPU
		{E8BB1EAC-ED6B-4D5E-AA88-6A6CD961F37E}.Debug|x64.ActiveCfg = Debug|x64
		{E8BB1EAC-ED6B-4D5E-AA88-6A6CD961F37E}.Debug|x64.Build.0 = Debug|x64
		{E8BB1EAC-ED6B-4D5E-AA88-6A6CD961F37E}.Debug|x86.ActiveCfg = Debug|Any CPU
		{E8BB1EAC-ED6B-4D5E-AA88-6A6CD961F37E}.Debug|x86.Build.0 = Debug|Any CPU
		{E8BB1EAC-ED6B-4D5E-AA88-6A6CD961F37E}.MinSizeRel|Any CPU.ActiveCfg = Release_light_1811_5.0|Any CPU
		{E8BB1EAC-ED6B-4D5E-AA88-6A6CD961F37E}.MinSizeRel|Any CPU.Build.0 = Release_light_1811_5.0|Any CPU
		{E8BB1EAC-ED6B-4D5E-AA88-6A6CD961F37E}.MinSizeRel|x64.ActiveCfg = Debug_light_1811|x64
		{E8BB1EAC-ED6B-4D5E-AA88-6A6CD961F37E}.MinSizeRel|x64.Build.0 = Debug_light_1811|x64
		{E8BB1EAC-ED6B-4D5E-AA88-6A6CD961F37E}.MinSizeRel|x86.ActiveCfg = Release_light_1811_5.0|Any CPU
		{E8BB1EAC-ED6B-4D5E-AA88-6A6CD961F37E}.MinSizeRel|x86.Build.0 = Release_light_1811_5.0|Any CPU
		{E8BB1EAC-ED6B-4D5E-AA88-6A6CD961F37E}.Release_light_1811|Any CPU.ActiveCfg = Release_light_1811|Any CPU
		{E8BB1EAC-ED6B-4D5E-AA88-6A6CD961F37E}.Release_light_1811|Any CPU.Build.0 = Release_light_1811|Any CPU
		{E8BB1EAC-ED6B-4D5E-AA88-6A6CD961F37E}.Release_light_1811|x64.ActiveCfg = Release_light_1811|Any CPU
		{E8BB1EAC-ED6B-4D5E-AA88-6A6CD961F37E}.Release_light_1811|x64.Build.0 = Release_light_1811|Any CPU
		{E8BB1EAC-ED6B-4D5E-AA88-6A6CD961F37E}.Release_light_1811|x86.ActiveCfg = Release_light_1811|Any CPU
		{E8BB1EAC-ED6B-4D5E-AA88-6A6CD961F37E}.Release_light_1811|x86.Build.0 = Release_light_1811|Any CPU
		{E8BB1EAC-ED6B-4D5E-AA88-6A6CD961F37E}.Release_x32|Any CPU.ActiveCfg = Release_light_1811|Any CPU
		{E8BB1EAC-ED6B-4D5E-AA88-6A6CD961F37E}.Release_x32|Any CPU.Build.0 = Release_light_1811|Any CPU
		{E8BB1EAC-ED6B-4D5E-AA88-6A6CD961F37E}.Release_x32|x64.ActiveCfg = Release_light_1811_5.0|x64
		{E8BB1EAC-ED6B-4D5E-AA88-6A6CD961F37E}.Release_x32|x64.Build.0 = Release_light_1811_5.0|x64
		{E8BB1EAC-ED6B-4D5E-AA88-6A6CD961F37E}.Release_x32|x86.ActiveCfg = Release_light_1811|Any CPU
		{E8BB1EAC-ED6B-4D5E-AA88-6A6CD961F37E}.Release_x32|x86.Build.0 = Release_light_1811|Any CPU
		{E8BB1EAC-ED6B-4D5E-AA88-6A6CD961F37E}.Release_x64|Any CPU.ActiveCfg = Release_light_1811|Any CPU
		{E8BB1EAC-ED6B-4D5E-AA88-6A6CD961F37E}.Release_x64|Any CPU.Build.0 = Release_light_1811|Any CPU
		{E8BB1EAC-ED6B-4D5E-AA88-6A6CD961F37E}.Release_x64|x64.ActiveCfg = Release_light_1811_5.0|x64
		{E8BB1EAC-ED6B-4D5E-AA88-6A6CD961F37E}.Release_x64|x64.Build.0 = Release_light_1811_5.0|x64
		{E8BB1EAC-ED6B-4D5E-AA88-6A6CD961F37E}.Release_x64|x86.ActiveCfg = Release_light_1811|Any CPU
		{E8BB1EAC-ED6B-4D5E-AA88-6A6CD961F37E}.Release_x64|x86.Build.0 = Release_light_1811|Any CPU
		{E8BB1EAC-ED6B-4D5E-AA88-6A6CD961F37E}.Release|Any CPU.ActiveCfg = Release|Any CPU
		{E8BB1EAC-ED6B-4D5E-AA88-6A6CD961F37E}.Release|Any CPU.Build.0 = Release|Any CPU
		{E8BB1EAC-ED6B-4D5E-AA88-6A6CD961F37E}.Release|x64.ActiveCfg = Release|x64
		{E8BB1EAC-ED6B-4D5E-AA88-6A6CD961F37E}.Release|x64.Build.0 = Release|x64
		{E8BB1EAC-ED6B-4D5E-AA88-6A6CD961F37E}.Release|x86.ActiveCfg = Release|Any CPU
		{E8BB1EAC-ED6B-4D5E-AA88-6A6CD961F37E}.Release|x86.Build.0 = Release|Any CPU
		{E8BB1EAC-ED6B-4D5E-AA88-6A6CD961F37E}.RelWithDebInfo|Any CPU.ActiveCfg = Release_light_1811_5.0|Any CPU
		{E8BB1EAC-ED6B-4D5E-AA88-6A6CD961F37E}.RelWithDebInfo|Any CPU.Build.0 = Release_light_1811_5.0|Any CPU
		{E8BB1EAC-ED6B-4D5E-AA88-6A6CD961F37E}.RelWithDebInfo|x64.ActiveCfg = Release_light_1811|x64
		{E8BB1EAC-ED6B-4D5E-AA88-6A6CD961F37E}.RelWithDebInfo|x64.Build.0 = Release_light_1811|x64
		{E8BB1EAC-ED6B-4D5E-AA88-6A6CD961F37E}.RelWithDebInfo|x86.ActiveCfg = Release_light_1811_5.0|Any CPU
		{E8BB1EAC-ED6B-4D5E-AA88-6A6CD961F37E}.RelWithDebInfo|x86.Build.0 = Release_light_1811_5.0|Any CPU
		{A5EFB9F9-6F99-4EBD-B5C9-3F68EFEFC823}.Debug_light_1811|Any CPU.ActiveCfg = Debug_light_1811|Any CPU
		{A5EFB9F9-6F99-4EBD-B5C9-3F68EFEFC823}.Debug_light_1811|Any CPU.Build.0 = Debug_light_1811|Any CPU
		{A5EFB9F9-6F99-4EBD-B5C9-3F68EFEFC823}.Debug_light_1811|x64.ActiveCfg = Debug_light_1811|Any CPU
		{A5EFB9F9-6F99-4EBD-B5C9-3F68EFEFC823}.Debug_light_1811|x64.Build.0 = Debug_light_1811|Any CPU
		{A5EFB9F9-6F99-4EBD-B5C9-3F68EFEFC823}.Debug_light_1811|x86.ActiveCfg = Debug_light_1811|Any CPU
		{A5EFB9F9-6F99-4EBD-B5C9-3F68EFEFC823}.Debug_light_1811|x86.Build.0 = Debug_light_1811|Any CPU
		{A5EFB9F9-6F99-4EBD-B5C9-3F68EFEFC823}.debug_V1602|Any CPU.ActiveCfg = Debug_4.5|Any CPU
		{A5EFB9F9-6F99-4EBD-B5C9-3F68EFEFC823}.debug_V1602|Any CPU.Build.0 = Debug_4.5|Any CPU
		{A5EFB9F9-6F99-4EBD-B5C9-3F68EFEFC823}.debug_V1602|x64.ActiveCfg = Debug_4.5|x64
		{A5EFB9F9-6F99-4EBD-B5C9-3F68EFEFC823}.debug_V1602|x64.Build.0 = Debug_4.5|x64
		{A5EFB9F9-6F99-4EBD-B5C9-3F68EFEFC823}.debug_V1602|x86.ActiveCfg = Debug_4.5|Any CPU
		{A5EFB9F9-6F99-4EBD-B5C9-3F68EFEFC823}.debug_V1602|x86.Build.0 = Debug_4.5|Any CPU
		{A5EFB9F9-6F99-4EBD-B5C9-3F68EFEFC823}.Debug_x32|Any CPU.ActiveCfg = Debug_4.5|Any CPU
		{A5EFB9F9-6F99-4EBD-B5C9-3F68EFEFC823}.Debug_x32|Any CPU.Build.0 = Debug_4.5|Any CPU
		{A5EFB9F9-6F99-4EBD-B5C9-3F68EFEFC823}.Debug_x32|x64.ActiveCfg = Debug_4.5|x64
		{A5EFB9F9-6F99-4EBD-B5C9-3F68EFEFC823}.Debug_x32|x64.Build.0 = Debug_4.5|x64
		{A5EFB9F9-6F99-4EBD-B5C9-3F68EFEFC823}.Debug_x32|x86.ActiveCfg = Debug_4.5|Any CPU
		{A5EFB9F9-6F99-4EBD-B5C9-3F68EFEFC823}.Debug_x32|x86.Build.0 = Debug_4.5|Any CPU
		{A5EFB9F9-6F99-4EBD-B5C9-3F68EFEFC823}.Debug_x64|Any CPU.ActiveCfg = Debug_4.5|Any CPU
		{A5EFB9F9-6F99-4EBD-B5C9-3F68EFEFC823}.Debug_x64|Any CPU.Build.0 = Debug_4.5|Any CPU
		{A5EFB9F9-6F99-4EBD-B5C9-3F68EFEFC823}.Debug_x64|x64.ActiveCfg = Debug_4.5|x64
		{A5EFB9F9-6F99-4EBD-B5C9-3F68EFEFC823}.Debug_x64|x64.Build.0 = Debug_4.5|x64
		{A5EFB9F9-6F99-4EBD-B5C9-3F68EFEFC823}.Debug_x64|x86.ActiveCfg = Debug_4.5|Any CPU
		{A5EFB9F9-6F99-4EBD-B5C9-3F68EFEFC823}.Debug_x64|x86.Build.0 = Debug_4.5|Any CPU
		{A5EFB9F9-6F99-4EBD-B5C9-3F68EFEFC823}.Debug|Any CPU.ActiveCfg = Debug|Any CPU
		{A5EFB9F9-6F99-4EBD-B5C9-3F68EFEFC823}.Debug|Any CPU.Build.0 = Debug|Any CPU
		{A5EFB9F9-6F99-4EBD-B5C9-3F68EFEFC823}.Debug|x64.ActiveCfg = Debug|x64
		{A5EFB9F9-6F99-4EBD-B5C9-3F68EFEFC823}.Debug|x64.Build.0 = Debug|x64
		{A5EFB9F9-6F99-4EBD-B5C9-3F68EFEFC823}.Debug|x86.ActiveCfg = Debug|Any CPU
		{A5EFB9F9-6F99-4EBD-B5C9-3F68EFEFC823}.Debug|x86.Build.0 = Debug|Any CPU
		{A5EFB9F9-6F99-4EBD-B5C9-3F68EFEFC823}.MinSizeRel|Any CPU.ActiveCfg = Release_light_1811_5.0|Any CPU
		{A5EFB9F9-6F99-4EBD-B5C9-3F68EFEFC823}.MinSizeRel|Any CPU.Build.0 = Release_light_1811_5.0|Any CPU
		{A5EFB9F9-6F99-4EBD-B5C9-3F68EFEFC823}.MinSizeRel|x64.ActiveCfg = Debug_light_1811|x64
		{A5EFB9F9-6F99-4EBD-B5C9-3F68EFEFC823}.MinSizeRel|x64.Build.0 = Debug_light_1811|x64
		{A5EFB9F9-6F99-4EBD-B5C9-3F68EFEFC823}.MinSizeRel|x86.ActiveCfg = Release_light_1811_5.0|Any CPU
		{A5EFB9F9-6F99-4EBD-B5C9-3F68EFEFC823}.MinSizeRel|x86.Build.0 = Release_light_1811_5.0|Any CPU
		{A5EFB9F9-6F99-4EBD-B5C9-3F68EFEFC823}.Release_light_1811|Any CPU.ActiveCfg = Release_light_1811|Any CPU
		{A5EFB9F9-6F99-4EBD-B5C9-3F68EFEFC823}.Release_light_1811|Any CPU.Build.0 = Release_light_1811|Any CPU
		{A5EFB9F9-6F99-4EBD-B5C9-3F68EFEFC823}.Release_light_1811|x64.ActiveCfg = Release_light_1811|Any CPU
		{A5EFB9F9-6F99-4EBD-B5C9-3F68EFEFC823}.Release_light_1811|x64.Build.0 = Release_light_1811|Any CPU
		{A5EFB9F9-6F99-4EBD-B5C9-3F68EFEFC823}.Release_light_1811|x86.ActiveCfg = Release_light_1811|Any CPU
		{A5EFB9F9-6F99-4EBD-B5C9-3F68EFEFC823}.Release_light_1811|x86.Build.0 = Release_light_1811|Any CPU
		{A5EFB9F9-6F99-4EBD-B5C9-3F68EFEFC823}.Release_x32|Any CPU.ActiveCfg = Release_light_1811|Any CPU
		{A5EFB9F9-6F99-4EBD-B5C9-3F68EFEFC823}.Release_x32|Any CPU.Build.0 = Release_light_1811|Any CPU
		{A5EFB9F9-6F99-4EBD-B5C9-3F68EFEFC823}.Release_x32|x64.ActiveCfg = Release_light_1811_5.0|x64
		{A5EFB9F9-6F99-4EBD-B5C9-3F68EFEFC823}.Release_x32|x64.Build.0 = Release_light_1811_5.0|x64
		{A5EFB9F9-6F99-4EBD-B5C9-3F68EFEFC823}.Release_x32|x86.ActiveCfg = Release_light_1811|Any CPU
		{A5EFB9F9-6F99-4EBD-B5C9-3F68EFEFC823}.Release_x32|x86.Build.0 = Release_light_1811|Any CPU
		{A5EFB9F9-6F99-4EBD-B5C9-3F68EFEFC823}.Release_x64|Any CPU.ActiveCfg = Release_light_1811|Any CPU
		{A5EFB9F9-6F99-4EBD-B5C9-3F68EFEFC823}.Release_x64|Any CPU.Build.0 = Release_light_1811|Any CPU
		{A5EFB9F9-6F99-4EBD-B5C9-3F68EFEFC823}.Release_x64|x64.ActiveCfg = Release_light_1811_5.0|x64
		{A5EFB9F9-6F99-4EBD-B5C9-3F68EFEFC823}.Release_x64|x64.Build.0 = Release_light_1811_5.0|x64
		{A5EFB9F9-6F99-4EBD-B5C9-3F68EFEFC823}.Release_x64|x86.ActiveCfg = Release_light_1811|Any CPU
		{A5EFB9F9-6F99-4EBD-B5C9-3F68EFEFC823}.Release_x64|x86.Build.0 = Release_light_1811|Any CPU
		{A5EFB9F9-6F99-4EBD-B5C9-3F68EFEFC823}.Release|Any CPU.ActiveCfg = Release|Any CPU
		{A5EFB9F9-6F99-4EBD-B5C9-3F68EFEFC823}.Release|Any CPU.Build.0 = Release|Any CPU
		{A5EFB9F9-6F99-4EBD-B5C9-3F68EFEFC823}.Release|x64.ActiveCfg = Release|x64
		{A5EFB9F9-6F99-4EBD-B5C9-3F68EFEFC823}.Release|x64.Build.0 = Release|x64
		{A5EFB9F9-6F99-4EBD-B5C9-3F68EFEFC823}.Release|x86.ActiveCfg = Release|Any CPU
		{A5EFB9F9-6F99-4EBD-B5C9-3F68EFEFC823}.Release|x86.Build.0 = Release|Any CPU
		{A5EFB9F9-6F99-4EBD-B5C9-3F68EFEFC823}.RelWithDebInfo|Any CPU.ActiveCfg = Release_light_1811_5.0|Any CPU
		{A5EFB9F9-6F99-4EBD-B5C9-3F68EFEFC823}.RelWithDebInfo|Any CPU.Build.0 = Release_light_1811_5.0|Any CPU
		{A5EFB9F9-6F99-4EBD-B5C9-3F68EFEFC823}.RelWithDebInfo|x64.ActiveCfg = Release_light_1811|x64
		{A5EFB9F9-6F99-4EBD-B5C9-3F68EFEFC823}.RelWithDebInfo|x64.Build.0 = Release_light_1811|x64
		{A5EFB9F9-6F99-4EBD-B5C9-3F68EFEFC823}.RelWithDebInfo|x86.ActiveCfg = Release_light_1811_5.0|Any CPU
		{A5EFB9F9-6F99-4EBD-B5C9-3F68EFEFC823}.RelWithDebInfo|x86.Build.0 = Release_light_1811_5.0|Any CPU
		{41C6CC2E-5F1D-4BFC-9676-381AD488FCD6}.Debug_light_1811|Any CPU.ActiveCfg = debug_V1602|Any CPU
		{41C6CC2E-5F1D-4BFC-9676-381AD488FCD6}.Debug_light_1811|Any CPU.Build.0 = debug_V1602|Any CPU
		{41C6CC2E-5F1D-4BFC-9676-381AD488FCD6}.Debug_light_1811|x64.ActiveCfg = debug_V1602|Any CPU
		{41C6CC2E-5F1D-4BFC-9676-381AD488FCD6}.Debug_light_1811|x64.Build.0 = debug_V1602|Any CPU
		{41C6CC2E-5F1D-4BFC-9676-381AD488FCD6}.Debug_light_1811|x86.ActiveCfg = debug_V1602|Any CPU
		{41C6CC2E-5F1D-4BFC-9676-381AD488FCD6}.Debug_light_1811|x86.Build.0 = debug_V1602|Any CPU
		{41C6CC2E-5F1D-4BFC-9676-381AD488FCD6}.debug_V1602|Any CPU.ActiveCfg = debug_V1602|Any CPU
		{41C6CC2E-5F1D-4BFC-9676-381AD488FCD6}.debug_V1602|Any CPU.Build.0 = debug_V1602|Any CPU
		{41C6CC2E-5F1D-4BFC-9676-381AD488FCD6}.debug_V1602|x64.ActiveCfg = debug_V1602|Any CPU
		{41C6CC2E-5F1D-4BFC-9676-381AD488FCD6}.debug_V1602|x64.Build.0 = debug_V1602|Any CPU
		{41C6CC2E-5F1D-4BFC-9676-381AD488FCD6}.debug_V1602|x86.ActiveCfg = debug_V1602|Any CPU
		{41C6CC2E-5F1D-4BFC-9676-381AD488FCD6}.debug_V1602|x86.Build.0 = debug_V1602|Any CPU
		{41C6CC2E-5F1D-4BFC-9676-381AD488FCD6}.Debug_x32|Any CPU.ActiveCfg = Debug_x32|Any CPU
		{41C6CC2E-5F1D-4BFC-9676-381AD488FCD6}.Debug_x32|Any CPU.Build.0 = Debug_x32|Any CPU
		{41C6CC2E-5F1D-4BFC-9676-381AD488FCD6}.Debug_x32|x64.ActiveCfg = Debug_x32|Any CPU
		{41C6CC2E-5F1D-4BFC-9676-381AD488FCD6}.Debug_x32|x64.Build.0 = Debug_x32|Any CPU
		{41C6CC2E-5F1D-4BFC-9676-381AD488FCD6}.Debug_x32|x86.ActiveCfg = Debug_x32|Any CPU
		{41C6CC2E-5F1D-4BFC-9676-381AD488FCD6}.Debug_x32|x86.Build.0 = Debug_x32|Any CPU
		{41C6CC2E-5F1D-4BFC-9676-381AD488FCD6}.Debug_x64|Any CPU.ActiveCfg = Debug_x64|Any CPU
		{41C6CC2E-5F1D-4BFC-9676-381AD488FCD6}.Debug_x64|Any CPU.Build.0 = Debug_x64|Any CPU
		{41C6CC2E-5F1D-4BFC-9676-381AD488FCD6}.Debug_x64|x64.ActiveCfg = Debug_x64|Any CPU
		{41C6CC2E-5F1D-4BFC-9676-381AD488FCD6}.Debug_x64|x64.Build.0 = Debug_x64|Any CPU
		{41C6CC2E-5F1D-4BFC-9676-381AD488FCD6}.Debug_x64|x86.ActiveCfg = Debug_x64|Any CPU
		{41C6CC2E-5F1D-4BFC-9676-381AD488FCD6}.Debug_x64|x86.Build.0 = Debug_x64|Any CPU
		{41C6CC2E-5F1D-4BFC-9676-381AD488FCD6}.Debug|Any CPU.ActiveCfg = debug_V1602|Any CPU
		{41C6CC2E-5F1D-4BFC-9676-381AD488FCD6}.Debug|Any CPU.Build.0 = debug_V1602|Any CPU
		{41C6CC2E-5F1D-4BFC-9676-381AD488FCD6}.Debug|x64.ActiveCfg = debug_V1602|Any CPU
		{41C6CC2E-5F1D-4BFC-9676-381AD488FCD6}.Debug|x64.Build.0 = debug_V1602|Any CPU
		{41C6CC2E-5F1D-4BFC-9676-381AD488FCD6}.Debug|x86.ActiveCfg = debug_V1602|Any CPU
		{41C6CC2E-5F1D-4BFC-9676-381AD488FCD6}.Debug|x86.Build.0 = debug_V1602|Any CPU
		{41C6CC2E-5F1D-4BFC-9676-381AD488FCD6}.MinSizeRel|Any CPU.ActiveCfg = debug_V1602|Any CPU
		{41C6CC2E-5F1D-4BFC-9676-381AD488FCD6}.MinSizeRel|Any CPU.Build.0 = debug_V1602|Any CPU
		{41C6CC2E-5F1D-4BFC-9676-381AD488FCD6}.MinSizeRel|x64.ActiveCfg = debug_V1602|Any CPU
		{41C6CC2E-5F1D-4BFC-9676-381AD488FCD6}.MinSizeRel|x64.Build.0 = debug_V1602|Any CPU
		{41C6CC2E-5F1D-4BFC-9676-381AD488FCD6}.MinSizeRel|x86.ActiveCfg = debug_V1602|Any CPU
		{41C6CC2E-5F1D-4BFC-9676-381AD488FCD6}.MinSizeRel|x86.Build.0 = debug_V1602|Any CPU
		{41C6CC2E-5F1D-4BFC-9676-381AD488FCD6}.Release_light_1811|Any CPU.ActiveCfg = Release_x32|Any CPU
		{41C6CC2E-5F1D-4BFC-9676-381AD488FCD6}.Release_light_1811|Any CPU.Build.0 = Release_x32|Any CPU
		{41C6CC2E-5F1D-4BFC-9676-381AD488FCD6}.Release_light_1811|x64.ActiveCfg = Release_x32|Any CPU
		{41C6CC2E-5F1D-4BFC-9676-381AD488FCD6}.Release_light_1811|x64.Build.0 = Release_x32|Any CPU
		{41C6CC2E-5F1D-4BFC-9676-381AD488FCD6}.Release_light_1811|x86.ActiveCfg = Release_x32|Any CPU
		{41C6CC2E-5F1D-4BFC-9676-381AD488FCD6}.Release_light_1811|x86.Build.0 = Release_x32|Any CPU
		{41C6CC2E-5F1D-4BFC-9676-381AD488FCD6}.Release_x32|Any CPU.ActiveCfg = Release_x32|Any CPU
		{41C6CC2E-5F1D-4BFC-9676-381AD488FCD6}.Release_x32|Any CPU.Build.0 = Release_x32|Any CPU
		{41C6CC2E-5F1D-4BFC-9676-381AD488FCD6}.Release_x32|x64.ActiveCfg = Release_x32|Any CPU
		{41C6CC2E-5F1D-4BFC-9676-381AD488FCD6}.Release_x32|x64.Build.0 = Release_x32|Any CPU
		{41C6CC2E-5F1D-4BFC-9676-381AD488FCD6}.Release_x32|x86.ActiveCfg = Release_x32|Any CPU
		{41C6CC2E-5F1D-4BFC-9676-381AD488FCD6}.Release_x32|x86.Build.0 = Release_x32|Any CPU
		{41C6CC2E-5F1D-4BFC-9676-381AD488FCD6}.Release_x64|Any CPU.ActiveCfg = Release_x64|Any CPU
		{41C6CC2E-5F1D-4BFC-9676-381AD488FCD6}.Release_x64|Any CPU.Build.0 = Release_x64|Any CPU
		{41C6CC2E-5F1D-4BFC-9676-381AD488FCD6}.Release_x64|x64.ActiveCfg = Release_x64|Any CPU
		{41C6CC2E-5F1D-4BFC-9676-381AD488FCD6}.Release_x64|x64.Build.0 = Release_x64|Any CPU
		{41C6CC2E-5F1D-4BFC-9676-381AD488FCD6}.Release_x64|x86.ActiveCfg = Release_x64|Any CPU
		{41C6CC2E-5F1D-4BFC-9676-381AD488FCD6}.Release_x64|x86.Build.0 = Release_x64|Any CPU
		{41C6CC2E-5F1D-4BFC-9676-381AD488FCD6}.Release|Any CPU.ActiveCfg = Release_x32|Any CPU
		{41C6CC2E-5F1D-4BFC-9676-381AD488FCD6}.Release|Any CPU.Build.0 = Release_x32|Any CPU
		{41C6CC2E-5F1D-4BFC-9676-381AD488FCD6}.Release|x64.ActiveCfg = Release_x32|Any CPU
		{41C6CC2E-5F1D-4BFC-9676-381AD488FCD6}.Release|x64.Build.0 = Release_x32|Any CPU
		{41C6CC2E-5F1D-4BFC-9676-381AD488FCD6}.Release|x86.ActiveCfg = Release_x32|Any CPU
		{41C6CC2E-5F1D-4BFC-9676-381AD488FCD6}.Release|x86.Build.0 = Release_x32|Any CPU
		{41C6CC2E-5F1D-4BFC-9676-381AD488FCD6}.RelWithDebInfo|Any CPU.ActiveCfg = Release_x32|Any CPU
		{41C6CC2E-5F1D-4BFC-9676-381AD488FCD6}.RelWithDebInfo|Any CPU.Build.0 = Release_x32|Any CPU
		{41C6CC2E-5F1D-4BFC-9676-381AD488FCD6}.RelWithDebInfo|x64.ActiveCfg = Release_x32|Any CPU
		{41C6CC2E-5F1D-4BFC-9676-381AD488FCD6}.RelWithDebInfo|x64.Build.0 = Release_x32|Any CPU
		{41C6CC2E-5F1D-4BFC-9676-381AD488FCD6}.RelWithDebInfo|x86.ActiveCfg = Release_x32|Any CPU
		{41C6CC2E-5F1D-4BFC-9676-381AD488FCD6}.RelWithDebInfo|x86.Build.0 = Release_x32|Any CPU
		{0C0A1F4D-1363-4544-A7C5-196C76D26CCA}.Debug_light_1811|Any CPU.ActiveCfg = debug_framework|Any CPU
		{0C0A1F4D-1363-4544-A7C5-196C76D26CCA}.Debug_light_1811|Any CPU.Build.0 = debug_framework|Any CPU
		{0C0A1F4D-1363-4544-A7C5-196C76D26CCA}.Debug_light_1811|x64.ActiveCfg = debug_framework|Any CPU
		{0C0A1F4D-1363-4544-A7C5-196C76D26CCA}.Debug_light_1811|x64.Build.0 = debug_framework|Any CPU
		{0C0A1F4D-1363-4544-A7C5-196C76D26CCA}.Debug_light_1811|x86.ActiveCfg = debug_framework|Any CPU
		{0C0A1F4D-1363-4544-A7C5-196C76D26CCA}.Debug_light_1811|x86.Build.0 = debug_framework|Any CPU
		{0C0A1F4D-1363-4544-A7C5-196C76D26CCA}.debug_V1602|Any CPU.ActiveCfg = debug_V1632|Any CPU
		{0C0A1F4D-1363-4544-A7C5-196C76D26CCA}.debug_V1602|Any CPU.Build.0 = debug_V1632|Any CPU
		{0C0A1F4D-1363-4544-A7C5-196C76D26CCA}.debug_V1602|x64.ActiveCfg = debug_V1632|Any CPU
		{0C0A1F4D-1363-4544-A7C5-196C76D26CCA}.debug_V1602|x64.Build.0 = debug_V1632|Any CPU
		{0C0A1F4D-1363-4544-A7C5-196C76D26CCA}.debug_V1602|x86.ActiveCfg = debug_V1632|Any CPU
		{0C0A1F4D-1363-4544-A7C5-196C76D26CCA}.debug_V1602|x86.Build.0 = debug_V1632|Any CPU
		{0C0A1F4D-1363-4544-A7C5-196C76D26CCA}.Debug_x32|Any CPU.ActiveCfg = Debug_x32|Any CPU
		{0C0A1F4D-1363-4544-A7C5-196C76D26CCA}.Debug_x32|Any CPU.Build.0 = Debug_x32|Any CPU
		{0C0A1F4D-1363-4544-A7C5-196C76D26CCA}.Debug_x32|x64.ActiveCfg = Debug_x32|Any CPU
		{0C0A1F4D-1363-4544-A7C5-196C76D26CCA}.Debug_x32|x64.Build.0 = Debug_x32|Any CPU
		{0C0A1F4D-1363-4544-A7C5-196C76D26CCA}.Debug_x32|x86.ActiveCfg = Debug_x32|Any CPU
		{0C0A1F4D-1363-4544-A7C5-196C76D26CCA}.Debug_x32|x86.Build.0 = Debug_x32|Any CPU
		{0C0A1F4D-1363-4544-A7C5-196C76D26CCA}.Debug_x64|Any CPU.ActiveCfg = Debug_x64|Any CPU
		{0C0A1F4D-1363-4544-A7C5-196C76D26CCA}.Debug_x64|Any CPU.Build.0 = Debug_x64|Any CPU
		{0C0A1F4D-1363-4544-A7C5-196C76D26CCA}.Debug_x64|x64.ActiveCfg = Debug_x64|Any CPU
		{0C0A1F4D-1363-4544-A7C5-196C76D26CCA}.Debug_x64|x64.Build.0 = Debug_x64|Any CPU
		{0C0A1F4D-1363-4544-A7C5-196C76D26CCA}.Debug_x64|x86.ActiveCfg = Debug_x64|Any CPU
		{0C0A1F4D-1363-4544-A7C5-196C76D26CCA}.Debug_x64|x86.Build.0 = Debug_x64|Any CPU
		{0C0A1F4D-1363-4544-A7C5-196C76D26CCA}.Debug|Any CPU.ActiveCfg = debug_framework|Any CPU
		{0C0A1F4D-1363-4544-A7C5-196C76D26CCA}.Debug|Any CPU.Build.0 = debug_framework|Any CPU
		{0C0A1F4D-1363-4544-A7C5-196C76D26CCA}.Debug|x64.ActiveCfg = debug_framework|Any CPU
		{0C0A1F4D-1363-4544-A7C5-196C76D26CCA}.Debug|x64.Build.0 = debug_framework|Any CPU
		{0C0A1F4D-1363-4544-A7C5-196C76D26CCA}.Debug|x86.ActiveCfg = debug_framework|Any CPU
		{0C0A1F4D-1363-4544-A7C5-196C76D26CCA}.Debug|x86.Build.0 = debug_framework|Any CPU
		{0C0A1F4D-1363-4544-A7C5-196C76D26CCA}.MinSizeRel|Any CPU.ActiveCfg = debug_framework|Any CPU
		{0C0A1F4D-1363-4544-A7C5-196C76D26CCA}.MinSizeRel|Any CPU.Build.0 = debug_framework|Any CPU
		{0C0A1F4D-1363-4544-A7C5-196C76D26CCA}.MinSizeRel|x64.ActiveCfg = debug_framework|Any CPU
		{0C0A1F4D-1363-4544-A7C5-196C76D26CCA}.MinSizeRel|x64.Build.0 = debug_framework|Any CPU
		{0C0A1F4D-1363-4544-A7C5-196C76D26CCA}.MinSizeRel|x86.ActiveCfg = debug_framework|Any CPU
		{0C0A1F4D-1363-4544-A7C5-196C76D26CCA}.MinSizeRel|x86.Build.0 = debug_framework|Any CPU
		{0C0A1F4D-1363-4544-A7C5-196C76D26CCA}.Release_light_1811|Any CPU.ActiveCfg = Release_x64|Any CPU
		{0C0A1F4D-1363-4544-A7C5-196C76D26CCA}.Release_light_1811|Any CPU.Build.0 = Release_x64|Any CPU
		{0C0A1F4D-1363-4544-A7C5-196C76D26CCA}.Release_light_1811|x64.ActiveCfg = Release_x64|Any CPU
		{0C0A1F4D-1363-4544-A7C5-196C76D26CCA}.Release_light_1811|x64.Build.0 = Release_x64|Any CPU
		{0C0A1F4D-1363-4544-A7C5-196C76D26CCA}.Release_light_1811|x86.ActiveCfg = Release_x64|Any CPU
		{0C0A1F4D-1363-4544-A7C5-196C76D26CCA}.Release_light_1811|x86.Build.0 = Release_x64|Any CPU
		{0C0A1F4D-1363-4544-A7C5-196C76D26CCA}.Release_x32|Any CPU.ActiveCfg = Release_x32|Any CPU
		{0C0A1F4D-1363-4544-A7C5-196C76D26CCA}.Release_x32|Any CPU.Build.0 = Release_x32|Any CPU
		{0C0A1F4D-1363-4544-A7C5-196C76D26CCA}.Release_x32|x64.ActiveCfg = Release_x32|Any CPU
		{0C0A1F4D-1363-4544-A7C5-196C76D26CCA}.Release_x32|x64.Build.0 = Release_x32|Any CPU
		{0C0A1F4D-1363-4544-A7C5-196C76D26CCA}.Release_x32|x86.ActiveCfg = Release_x32|Any CPU
		{0C0A1F4D-1363-4544-A7C5-196C76D26CCA}.Release_x32|x86.Build.0 = Release_x32|Any CPU
		{0C0A1F4D-1363-4544-A7C5-196C76D26CCA}.Release_x64|Any CPU.ActiveCfg = Release_x64|Any CPU
		{0C0A1F4D-1363-4544-A7C5-196C76D26CCA}.Release_x64|Any CPU.Build.0 = Release_x64|Any CPU
		{0C0A1F4D-1363-4544-A7C5-196C76D26CCA}.Release_x64|x64.ActiveCfg = Release_x64|Any CPU
		{0C0A1F4D-1363-4544-A7C5-196C76D26CCA}.Release_x64|x64.Build.0 = Release_x64|Any CPU
		{0C0A1F4D-1363-4544-A7C5-196C76D26CCA}.Release_x64|x86.ActiveCfg = Release_x64|Any CPU
		{0C0A1F4D-1363-4544-A7C5-196C76D26CCA}.Release_x64|x86.Build.0 = Release_x64|Any CPU
		{0C0A1F4D-1363-4544-A7C5-196C76D26CCA}.Release|Any CPU.ActiveCfg = Release_x64|Any CPU
		{0C0A1F4D-1363-4544-A7C5-196C76D26CCA}.Release|Any CPU.Build.0 = Release_x64|Any CPU
		{0C0A1F4D-1363-4544-A7C5-196C76D26CCA}.Release|x64.ActiveCfg = Release_x64|Any CPU
		{0C0A1F4D-1363-4544-A7C5-196C76D26CCA}.Release|x64.Build.0 = Release_x64|Any CPU
		{0C0A1F4D-1363-4544-A7C5-196C76D26CCA}.Release|x86.ActiveCfg = Release_x64|Any CPU
		{0C0A1F4D-1363-4544-A7C5-196C76D26CCA}.Release|x86.Build.0 = Release_x64|Any CPU
		{0C0A1F4D-1363-4544-A7C5-196C76D26CCA}.RelWithDebInfo|Any CPU.ActiveCfg = Release_x64|Any CPU
		{0C0A1F4D-1363-4544-A7C5-196C76D26CCA}.RelWithDebInfo|Any CPU.Build.0 = Release_x64|Any CPU
		{0C0A1F4D-1363-4544-A7C5-196C76D26CCA}.RelWithDebInfo|x64.ActiveCfg = Release_x64|Any CPU
		{0C0A1F4D-1363-4544-A7C5-196C76D26CCA}.RelWithDebInfo|x64.Build.0 = Release_x64|Any CPU
		{0C0A1F4D-1363-4544-A7C5-196C76D26CCA}.RelWithDebInfo|x86.ActiveCfg = Release_x64|Any CPU
		{0C0A1F4D-1363-4544-A7C5-196C76D26CCA}.RelWithDebInfo|x86.Build.0 = Release_x64|Any CPU
		{7EB4B17A-2185-47A5-8170-ACDC7EA30515}.Debug_light_1811|Any CPU.ActiveCfg = Debug_x64|x64
		{7EB4B17A-2185-47A5-8170-ACDC7EA30515}.Debug_light_1811|Any CPU.Build.0 = Debug_x64|x64
		{7EB4B17A-2185-47A5-8170-ACDC7EA30515}.Debug_light_1811|x64.ActiveCfg = Debug_x64|x64
		{7EB4B17A-2185-47A5-8170-ACDC7EA30515}.Debug_light_1811|x64.Build.0 = Debug_x64|x64
		{7EB4B17A-2185-47A5-8170-ACDC7EA30515}.Debug_light_1811|x86.ActiveCfg = Debug_x32|Win32
		{7EB4B17A-2185-47A5-8170-ACDC7EA30515}.Debug_light_1811|x86.Build.0 = Debug_x32|Win32
		{7EB4B17A-2185-47A5-8170-ACDC7EA30515}.debug_V1602|Any CPU.ActiveCfg = debug_V1632|x64
		{7EB4B17A-2185-47A5-8170-ACDC7EA30515}.debug_V1602|Any CPU.Build.0 = debug_V1632|x64
		{7EB4B17A-2185-47A5-8170-ACDC7EA30515}.debug_V1602|x64.ActiveCfg = debug_V1632|x64
		{7EB4B17A-2185-47A5-8170-ACDC7EA30515}.debug_V1602|x64.Build.0 = debug_V1632|x64
		{7EB4B17A-2185-47A5-8170-ACDC7EA30515}.debug_V1602|x86.ActiveCfg = debug_V1632|Win32
		{7EB4B17A-2185-47A5-8170-ACDC7EA30515}.debug_V1602|x86.Build.0 = debug_V1632|Win32
		{7EB4B17A-2185-47A5-8170-ACDC7EA30515}.Debug_x32|Any CPU.ActiveCfg = Debug_x32|Win32
		{7EB4B17A-2185-47A5-8170-ACDC7EA30515}.Debug_x32|x64.ActiveCfg = Debug_x32|Win32
		{7EB4B17A-2185-47A5-8170-ACDC7EA30515}.Debug_x32|x86.ActiveCfg = Debug_x32|Win32
		{7EB4B17A-2185-47A5-8170-ACDC7EA30515}.Debug_x32|x86.Build.0 = Debug_x32|Win32
		{7EB4B17A-2185-47A5-8170-ACDC7EA30515}.Debug_x64|Any CPU.ActiveCfg = Debug_x64|x64
		{7EB4B17A-2185-47A5-8170-ACDC7EA30515}.Debug_x64|x64.ActiveCfg = Debug_x64|x64
		{7EB4B17A-2185-47A5-8170-ACDC7EA30515}.Debug_x64|x64.Build.0 = Debug_x64|x64
		{7EB4B17A-2185-47A5-8170-ACDC7EA30515}.Debug_x64|x86.ActiveCfg = Debug_x64|x64
		{7EB4B17A-2185-47A5-8170-ACDC7EA30515}.Debug|Any CPU.ActiveCfg = Debug_x64|x64
		{7EB4B17A-2185-47A5-8170-ACDC7EA30515}.Debug|Any CPU.Build.0 = Debug_x64|x64
		{7EB4B17A-2185-47A5-8170-ACDC7EA30515}.Debug|x64.ActiveCfg = Debug_x64|x64
		{7EB4B17A-2185-47A5-8170-ACDC7EA30515}.Debug|x64.Build.0 = Debug_x64|x64
		{7EB4B17A-2185-47A5-8170-ACDC7EA30515}.Debug|x86.ActiveCfg = Debug_x32|Win32
		{7EB4B17A-2185-47A5-8170-ACDC7EA30515}.Debug|x86.Build.0 = Debug_x32|Win32
		{7EB4B17A-2185-47A5-8170-ACDC7EA30515}.MinSizeRel|Any CPU.ActiveCfg = Debug_x64|x64
		{7EB4B17A-2185-47A5-8170-ACDC7EA30515}.MinSizeRel|Any CPU.Build.0 = Debug_x64|x64
		{7EB4B17A-2185-47A5-8170-ACDC7EA30515}.MinSizeRel|x64.ActiveCfg = Debug_x64|x64
		{7EB4B17A-2185-47A5-8170-ACDC7EA30515}.MinSizeRel|x64.Build.0 = Debug_x64|x64
		{7EB4B17A-2185-47A5-8170-ACDC7EA30515}.MinSizeRel|x86.ActiveCfg = Debug_x32|Win32
		{7EB4B17A-2185-47A5-8170-ACDC7EA30515}.MinSizeRel|x86.Build.0 = Debug_x32|Win32
		{7EB4B17A-2185-47A5-8170-ACDC7EA30515}.Release_light_1811|Any CPU.ActiveCfg = Debug_x64|x64
		{7EB4B17A-2185-47A5-8170-ACDC7EA30515}.Release_light_1811|Any CPU.Build.0 = Debug_x64|x64
		{7EB4B17A-2185-47A5-8170-ACDC7EA30515}.Release_light_1811|x64.ActiveCfg = Release_x64|x64
		{7EB4B17A-2185-47A5-8170-ACDC7EA30515}.Release_light_1811|x64.Build.0 = Release_x64|x64
		{7EB4B17A-2185-47A5-8170-ACDC7EA30515}.Release_light_1811|x86.ActiveCfg = Release_x32|Win32
		{7EB4B17A-2185-47A5-8170-ACDC7EA30515}.Release_light_1811|x86.Build.0 = Release_x32|Win32
		{7EB4B17A-2185-47A5-8170-ACDC7EA30515}.Release_x32|Any CPU.ActiveCfg = Release_x32|Win32
		{7EB4B17A-2185-47A5-8170-ACDC7EA30515}.Release_x32|x64.ActiveCfg = Release_x32|Win32
		{7EB4B17A-2185-47A5-8170-ACDC7EA30515}.Release_x32|x86.ActiveCfg = Release_x32|Win32
		{7EB4B17A-2185-47A5-8170-ACDC7EA30515}.Release_x32|x86.Build.0 = Release_x32|Win32
		{7EB4B17A-2185-47A5-8170-ACDC7EA30515}.Release_x64|Any CPU.ActiveCfg = Release_x64|x64
		{7EB4B17A-2185-47A5-8170-ACDC7EA30515}.Release_x64|x64.ActiveCfg = Release_x64|x64
		{7EB4B17A-2185-47A5-8170-ACDC7EA30515}.Release_x64|x64.Build.0 = Release_x64|x64
		{7EB4B17A-2185-47A5-8170-ACDC7EA30515}.Release_x64|x86.ActiveCfg = Release_x64|x64
		{7EB4B17A-2185-47A5-8170-ACDC7EA30515}.Release|Any CPU.ActiveCfg = Debug_x64|x64
		{7EB4B17A-2185-47A5-8170-ACDC7EA30515}.Release|Any CPU.Build.0 = Debug_x64|x64
		{7EB4B17A-2185-47A5-8170-ACDC7EA30515}.Release|x64.ActiveCfg = Release_x64|x64
		{7EB4B17A-2185-47A5-8170-ACDC7EA30515}.Release|x64.Build.0 = Release_x64|x64
		{7EB4B17A-2185-47A5-8170-ACDC7EA30515}.Release|x86.ActiveCfg = Release_x32|Win32
		{7EB4B17A-2185-47A5-8170-ACDC7EA30515}.Release|x86.Build.0 = Release_x32|Win32
		{7EB4B17A-2185-47A5-8170-ACDC7EA30515}.RelWithDebInfo|Any CPU.ActiveCfg = Debug_x64|x64
		{7EB4B17A-2185-47A5-8170-ACDC7EA30515}.RelWithDebInfo|Any CPU.Build.0 = Debug_x64|x64
		{7EB4B17A-2185-47A5-8170-ACDC7EA30515}.RelWithDebInfo|x64.ActiveCfg = Release_x64|x64
		{7EB4B17A-2185-47A5-8170-ACDC7EA30515}.RelWithDebInfo|x64.Build.0 = Release_x64|x64
		{7EB4B17A-2185-47A5-8170-ACDC7EA30515}.RelWithDebInfo|x86.ActiveCfg = Release_x32|Win32
		{7EB4B17A-2185-47A5-8170-ACDC7EA30515}.RelWithDebInfo|x86.Build.0 = Release_x32|Win32
	EndGlobalSection
	GlobalSection(SolutionProperties) = preSolution
		HideSolutionNode = FALSE
	EndGlobalSection
	GlobalSection(ExtensibilityGlobals) = postSolution
		SolutionGuid = {379FF569-D44F-4EE1-9196-41EA04C154C2}
	EndGlobalSection
EndGlobal
