
Microsoft Visual Studio Solution File, Format Version 12.00
# Visual Studio Version 18
VisualStudioVersion = 18.3.11505.172 d18.3
MinimumVisualStudioVersion = 10.0.40219.1
Project("{FAE04EC0-301F-11D3-BF4B-00C04F79EFBC}") = "SDRSharp.Rtl_433_Plugin", "SDRSharp.Rtl_433_Plugin.csproj", "{41C6CC2E-5F1D-4BFC-9676-381AD488FCD6}"
EndProject
Global
	GlobalSection(SolutionConfigurationPlatforms) = preSolution
		CI_x64|Any CPU = CI_x64|Any CPU
		CI_x64|x64 = CI_x64|x64
		CI_x64|x86 = CI_x64|x86
		CI_x86|Any CPU = CI_x86|Any CPU
		CI_x86|x64 = CI_x86|x64
		CI_x86|x86 = CI_x86|x86
		debug_framework|Any CPU = debug_framework|Any CPU
		debug_framework|x64 = debug_framework|x64
		debug_framework|x86 = debug_framework|x86
		debug_V1602|Any CPU = debug_V1602|Any CPU
		debug_V1602|x64 = debug_V1602|x64
		debug_V1602|x86 = debug_V1602|x86
		debug_V1632|Any CPU = debug_V1632|Any CPU
		debug_V1632|x64 = debug_V1632|x64
		debug_V1632|x86 = debug_V1632|x86
		Debug_x32|Any CPU = Debug_x32|Any CPU
		Debug_x32|x64 = Debug_x32|x64
		Debug_x32|x86 = Debug_x32|x86
		Debug_x64|Any CPU = Debug_x64|Any CPU
		Debug_x64|x64 = Debug_x64|x64
		Debug_x64|x86 = Debug_x64|x86
		debug-V1732|Any CPU = debug-V1732|Any CPU
		debug-V1732|x64 = debug-V1732|x64
		debug-V1732|x86 = debug-V1732|x86
		release_V1632|Any CPU = release_V1632|Any CPU
		release_V1632|x64 = release_V1632|x64
		release_V1632|x86 = release_V1632|x86
		Release_x32|Any CPU = Release_x32|Any CPU
		Release_x32|x64 = Release_x32|x64
		Release_x32|x86 = Release_x32|x86
		Release_x64|Any CPU = Release_x64|Any CPU
		Release_x64|x64 = Release_x64|x64
		Release_x64|x86 = Release_x64|x86
	EndGlobalSection
	GlobalSection(ProjectConfigurationPlatforms) = postSolution
		{41C6CC2E-5F1D-4BFC-9676-381AD488FCD6}.CI_x64|Any CPU.ActiveCfg = CI_x64|Any CPU
		{41C6CC2E-5F1D-4BFC-9676-381AD488FCD6}.CI_x64|Any CPU.Build.0 = CI_x64|Any CPU
		{41C6CC2E-5F1D-4BFC-9676-381AD488FCD6}.CI_x64|x64.ActiveCfg = CI_x64|x64
		{41C6CC2E-5F1D-4BFC-9676-381AD488FCD6}.CI_x64|x64.Build.0 = CI_x64|x64
		{41C6CC2E-5F1D-4BFC-9676-381AD488FCD6}.CI_x64|x86.ActiveCfg = CI_x64|x86
		{41C6CC2E-5F1D-4BFC-9676-381AD488FCD6}.CI_x64|x86.Build.0 = CI_x64|x86
		{41C6CC2E-5F1D-4BFC-9676-381AD488FCD6}.CI_x86|Any CPU.ActiveCfg = CI_x86|Any CPU
		{41C6CC2E-5F1D-4BFC-9676-381AD488FCD6}.CI_x86|Any CPU.Build.0 = CI_x86|Any CPU
		{41C6CC2E-5F1D-4BFC-9676-381AD488FCD6}.CI_x86|x64.ActiveCfg = CI_x86|x64
		{41C6CC2E-5F1D-4BFC-9676-381AD488FCD6}.CI_x86|x64.Build.0 = CI_x86|x64
		{41C6CC2E-5F1D-4BFC-9676-381AD488FCD6}.CI_x86|x86.ActiveCfg = CI_x86|x86
		{41C6CC2E-5F1D-4BFC-9676-381AD488FCD6}.CI_x86|x86.Build.0 = CI_x86|x86
		{41C6CC2E-5F1D-4BFC-9676-381AD488FCD6}.debug_framework|Any CPU.ActiveCfg = debug_framework|Any CPU
		{41C6CC2E-5F1D-4BFC-9676-381AD488FCD6}.debug_framework|Any CPU.Build.0 = debug_framework|Any CPU
		{41C6CC2E-5F1D-4BFC-9676-381AD488FCD6}.debug_framework|x64.ActiveCfg = debug_framework|x64
		{41C6CC2E-5F1D-4BFC-9676-381AD488FCD6}.debug_framework|x64.Build.0 = debug_framework|x64
		{41C6CC2E-5F1D-4BFC-9676-381AD488FCD6}.debug_framework|x86.ActiveCfg = debug_framework|x86
		{41C6CC2E-5F1D-4BFC-9676-381AD488FCD6}.debug_framework|x86.Build.0 = debug_framework|x86
		{41C6CC2E-5F1D-4BFC-9676-381AD488FCD6}.debug_V1602|Any CPU.ActiveCfg = debug_V1602|Any CPU
		{41C6CC2E-5F1D-4BFC-9676-381AD488FCD6}.debug_V1602|Any CPU.Build.0 = debug_V1602|Any CPU
		{41C6CC2E-5F1D-4BFC-9676-381AD488FCD6}.debug_V1602|x64.ActiveCfg = debug_V1602|x64
		{41C6CC2E-5F1D-4BFC-9676-381AD488FCD6}.debug_V1602|x64.Build.0 = debug_V1602|x64
		{41C6CC2E-5F1D-4BFC-9676-381AD488FCD6}.debug_V1602|x86.ActiveCfg = debug_V1602|x86
		{41C6CC2E-5F1D-4BFC-9676-381AD488FCD6}.debug_V1602|x86.Build.0 = debug_V1602|x86
		{41C6CC2E-5F1D-4BFC-9676-381AD488FCD6}.debug_V1632|Any CPU.ActiveCfg = debug_V1632|Any CPU
		{41C6CC2E-5F1D-4BFC-9676-381AD488FCD6}.debug_V1632|Any CPU.Build.0 = debug_V1632|Any CPU
		{41C6CC2E-5F1D-4BFC-9676-381AD488FCD6}.debug_V1632|x64.ActiveCfg = debug_V1632|x64
		{41C6CC2E-5F1D-4BFC-9676-381AD488FCD6}.debug_V1632|x64.Build.0 = debug_V1632|x64
		{41C6CC2E-5F1D-4BFC-9676-381AD488FCD6}.debug_V1632|x86.ActiveCfg = debug_V1632|x86
		{41C6CC2E-5F1D-4BFC-9676-381AD488FCD6}.debug_V1632|x86.Build.0 = debug_V1632|x86
		{41C6CC2E-5F1D-4BFC-9676-381AD488FCD6}.Debug_x32|Any CPU.ActiveCfg = Debug_x32|Any CPU
		{41C6CC2E-5F1D-4BFC-9676-381AD488FCD6}.Debug_x32|Any CPU.Build.0 = Debug_x32|Any CPU
		{41C6CC2E-5F1D-4BFC-9676-381AD488FCD6}.Debug_x32|x64.ActiveCfg = Debug_x32|x64
		{41C6CC2E-5F1D-4BFC-9676-381AD488FCD6}.Debug_x32|x64.Build.0 = Debug_x32|x64
		{41C6CC2E-5F1D-4BFC-9676-381AD488FCD6}.Debug_x32|x86.ActiveCfg = Debug_x32|x86
		{41C6CC2E-5F1D-4BFC-9676-381AD488FCD6}.Debug_x32|x86.Build.0 = Debug_x32|x86
		{41C6CC2E-5F1D-4BFC-9676-381AD488FCD6}.Debug_x64|Any CPU.ActiveCfg = Debug_x64|Any CPU
		{41C6CC2E-5F1D-4BFC-9676-381AD488FCD6}.Debug_x64|Any CPU.Build.0 = Debug_x64|Any CPU
		{41C6CC2E-5F1D-4BFC-9676-381AD488FCD6}.Debug_x64|x64.ActiveCfg = Debug_x64|x64
		{41C6CC2E-5F1D-4BFC-9676-381AD488FCD6}.Debug_x64|x64.Build.0 = Debug_x64|x64
		{41C6CC2E-5F1D-4BFC-9676-381AD488FCD6}.Debug_x64|x86.ActiveCfg = Debug_x64|x86
		{41C6CC2E-5F1D-4BFC-9676-381AD488FCD6}.Debug_x64|x86.Build.0 = Debug_x64|x86
		{41C6CC2E-5F1D-4BFC-9676-381AD488FCD6}.debug-V1732|Any CPU.ActiveCfg = debug-V1732|Any CPU
		{41C6CC2E-5F1D-4BFC-9676-381AD488FCD6}.debug-V1732|Any CPU.Build.0 = debug-V1732|Any CPU
		{41C6CC2E-5F1D-4BFC-9676-381AD488FCD6}.debug-V1732|x64.ActiveCfg = debug-V1732|x64
		{41C6CC2E-5F1D-4BFC-9676-381AD488FCD6}.debug-V1732|x64.Build.0 = debug-V1732|x64
		{41C6CC2E-5F1D-4BFC-9676-381AD488FCD6}.debug-V1732|x86.ActiveCfg = debug-V1732|x86
		{41C6CC2E-5F1D-4BFC-9676-381AD488FCD6}.debug-V1732|x86.Build.0 = debug-V1732|x86
		{41C6CC2E-5F1D-4BFC-9676-381AD488FCD6}.release_V1632|Any CPU.ActiveCfg = release_V1632|Any CPU
		{41C6CC2E-5F1D-4BFC-9676-381AD488FCD6}.release_V1632|Any CPU.Build.0 = release_V1632|Any CPU
		{41C6CC2E-5F1D-4BFC-9676-381AD488FCD6}.release_V1632|x64.ActiveCfg = release_V1632|x64
		{41C6CC2E-5F1D-4BFC-9676-381AD488FCD6}.release_V1632|x64.Build.0 = release_V1632|x64
		{41C6CC2E-5F1D-4BFC-9676-381AD488FCD6}.release_V1632|x86.ActiveCfg = release_V1632|x86
		{41C6CC2E-5F1D-4BFC-9676-381AD488FCD6}.release_V1632|x86.Build.0 = release_V1632|x86
		{41C6CC2E-5F1D-4BFC-9676-381AD488FCD6}.Release_x32|Any CPU.ActiveCfg = Release_x32|Any CPU
		{41C6CC2E-5F1D-4BFC-9676-381AD488FCD6}.Release_x32|Any CPU.Build.0 = Release_x32|Any CPU
		{41C6CC2E-5F1D-4BFC-9676-381AD488FCD6}.Release_x32|x64.ActiveCfg = Release_x32|x64
		{41C6CC2E-5F1D-4BFC-9676-381AD488FCD6}.Release_x32|x64.Build.0 = Release_x32|x64
		{41C6CC2E-5F1D-4BFC-9676-381AD488FCD6}.Release_x32|x86.ActiveCfg = Release_x32|x86
		{41C6CC2E-5F1D-4BFC-9676-381AD488FCD6}.Release_x32|x86.Build.0 = Release_x32|x86
		{41C6CC2E-5F1D-4BFC-9676-381AD488FCD6}.Release_x64|Any CPU.ActiveCfg = Release_x64|Any CPU
		{41C6CC2E-5F1D-4BFC-9676-381AD488FCD6}.Release_x64|Any CPU.Build.0 = Release_x64|Any CPU
		{41C6CC2E-5F1D-4BFC-9676-381AD488FCD6}.Release_x64|x64.ActiveCfg = Release_x64|x64
		{41C6CC2E-5F1D-4BFC-9676-381AD488FCD6}.Release_x64|x64.Build.0 = Release_x64|x64
		{41C6CC2E-5F1D-4BFC-9676-381AD488FCD6}.Release_x64|x86.ActiveCfg = Release_x64|x86
		{41C6CC2E-5F1D-4BFC-9676-381AD488FCD6}.Release_x64|x86.Build.0 = Release_x64|x86
	EndGlobalSection
	GlobalSection(SolutionProperties) = preSolution
		HideSolutionNode = FALSE
	EndGlobalSection
	GlobalSection(ExtensibilityGlobals) = postSolution
		SolutionGuid = {6642A3B6-5C97-4500-B404-655F5EFF3BD6}
	EndGlobalSection
EndGlobal
